// !$*UTF8*$!
{
	archiveVersion = 1;
	classes = {
	};
	objectVersion = 50;
	objects = {

/* Begin PBXBuildFile section */
		B679E2B02172BEB700859687 /* yas_objc_unowned.m in Sources */ = {isa = PBXBuildFile; fileRef = B679E2AD2172BEB700859687 /* yas_objc_unowned.m */; };
		B679E2EF2172BF3700859687 /* yas_timer.mm in Sources */ = {isa = PBXBuildFile; fileRef = B679E2B52172BF3600859687 /* yas_timer.mm */; };
		B679E2F02172BF3700859687 /* yas_delaying_caller.cpp in Sources */ = {isa = PBXBuildFile; fileRef = B679E2B82172BF3600859687 /* yas_delaying_caller.cpp */; };
		B679E2F12172BF3700859687 /* yas_version.cpp in Sources */ = {isa = PBXBuildFile; fileRef = B679E2C62172BF3600859687 /* yas_version.cpp */; };
		B679E2F22172BF3700859687 /* yas_flex_ptr.cpp in Sources */ = {isa = PBXBuildFile; fileRef = B679E2CC2172BF3600859687 /* yas_flex_ptr.cpp */; };
		B679E2F32172BF3700859687 /* yas_data.cpp in Sources */ = {isa = PBXBuildFile; fileRef = B679E2CF2172BF3600859687 /* yas_data.cpp */; };
		B679E2F42172BF3700859687 /* yas_operation.cpp in Sources */ = {isa = PBXBuildFile; fileRef = B679E2D02172BF3600859687 /* yas_operation.cpp */; };
		B679E2F52172BF3700859687 /* yas_base.cpp in Sources */ = {isa = PBXBuildFile; fileRef = B679E2D52172BF3600859687 /* yas_base.cpp */; };
		B679E2F62172BF3700859687 /* yas_exception.cpp in Sources */ = {isa = PBXBuildFile; fileRef = B679E2D72172BF3700859687 /* yas_exception.cpp */; };
		B679E2F72172BF3700859687 /* yas_protocol.cpp in Sources */ = {isa = PBXBuildFile; fileRef = B679E2D82172BF3700859687 /* yas_protocol.cpp */; };
		B679E2F82172BF3700859687 /* yas_any.cpp in Sources */ = {isa = PBXBuildFile; fileRef = B679E2DB2172BF3700859687 /* yas_any.cpp */; };
		B679E2F92172BF3700859687 /* yas_each_dictionary.cpp in Sources */ = {isa = PBXBuildFile; fileRef = B679E2E42172BF3700859687 /* yas_each_dictionary.cpp */; };
		B679E2FA2172BF3700859687 /* yas_stl_utils.cpp in Sources */ = {isa = PBXBuildFile; fileRef = B679E2E52172BF3700859687 /* yas_stl_utils.cpp */; };
		B679E2FB2172BF3700859687 /* yas_cf_utils.mm in Sources */ = {isa = PBXBuildFile; fileRef = B679E2E62172BF3700859687 /* yas_cf_utils.mm */; };
		B679E2FC2172BF3700859687 /* yas_cf_ref.cpp in Sources */ = {isa = PBXBuildFile; fileRef = B679E2E72172BF3700859687 /* yas_cf_ref.cpp */; };
		B679E2FD2172BF3700859687 /* yas_objc_ptr.mm in Sources */ = {isa = PBXBuildFile; fileRef = B679E2E92172BF3700859687 /* yas_objc_ptr.mm */; };
		B679E2FE2172BF3700859687 /* yas_boolean.cpp in Sources */ = {isa = PBXBuildFile; fileRef = B679E2EC2172BF3700859687 /* yas_boolean.cpp */; };
		B679E3012172BFBE00859687 /* Accelerate.framework in Frameworks */ = {isa = PBXBuildFile; fileRef = B679E3002172BFBE00859687 /* Accelerate.framework */; };
		B685EDCA2171ABE8002EDC9B /* AppDelegate.m in Sources */ = {isa = PBXBuildFile; fileRef = B685EDC92171ABE8002EDC9B /* AppDelegate.m */; };
		B685EDCD2171ABE8002EDC9B /* ViewController.m in Sources */ = {isa = PBXBuildFile; fileRef = B685EDCC2171ABE8002EDC9B /* ViewController.m */; };
		B685EDD02171ABE8002EDC9B /* Main.storyboard in Resources */ = {isa = PBXBuildFile; fileRef = B685EDCE2171ABE8002EDC9B /* Main.storyboard */; };
		B685EDD22171ABE9002EDC9B /* Assets.xcassets in Resources */ = {isa = PBXBuildFile; fileRef = B685EDD12171ABE9002EDC9B /* Assets.xcassets */; };
		B685EDD52171ABE9002EDC9B /* LaunchScreen.storyboard in Resources */ = {isa = PBXBuildFile; fileRef = B685EDD32171ABE9002EDC9B /* LaunchScreen.storyboard */; };
		B685EDD82171ABE9002EDC9B /* main.m in Sources */ = {isa = PBXBuildFile; fileRef = B685EDD72171ABE9002EDC9B /* main.m */; };
		B685EDE22171ABE9002EDC9B /* MultiChannelAudioPlayerTests.m in Sources */ = {isa = PBXBuildFile; fileRef = B685EDE12171ABE9002EDC9B /* MultiChannelAudioPlayerTests.m */; };
		B6FDB62C2174D06C00AF4365 /* yas_processing_sync_source.cpp in Sources */ = {isa = PBXBuildFile; fileRef = B6FDB5E92174D06C00AF4365 /* yas_processing_sync_source.cpp */; };
		B6FDB62D2174D06C00AF4365 /* yas_processing_channel.cpp in Sources */ = {isa = PBXBuildFile; fileRef = B6FDB5EA2174D06C00AF4365 /* yas_processing_channel.cpp */; };
		B6FDB62E2174D06C00AF4365 /* yas_processing_compare_modules.cpp in Sources */ = {isa = PBXBuildFile; fileRef = B6FDB5EF2174D06C00AF4365 /* yas_processing_compare_modules.cpp */; };
		B6FDB62F2174D06C00AF4365 /* yas_processing_math2_modules.cpp in Sources */ = {isa = PBXBuildFile; fileRef = B6FDB5F12174D06C00AF4365 /* yas_processing_math2_modules.cpp */; };
		B6FDB6302174D06C00AF4365 /* yas_processing_generator_modules.cpp in Sources */ = {isa = PBXBuildFile; fileRef = B6FDB5FA2174D06C00AF4365 /* yas_processing_generator_modules.cpp */; };
		B6FDB6312174D06C00AF4365 /* yas_processing_math1_modules.cpp in Sources */ = {isa = PBXBuildFile; fileRef = B6FDB5FC2174D06C00AF4365 /* yas_processing_math1_modules.cpp */; };
		B6FDB6322174D06C00AF4365 /* yas_processing_number_to_signal_module.cpp in Sources */ = {isa = PBXBuildFile; fileRef = B6FDB5FD2174D06C00AF4365 /* yas_processing_number_to_signal_module.cpp */; };
		B6FDB6332174D06C00AF4365 /* yas_processing_envelope_module.cpp in Sources */ = {isa = PBXBuildFile; fileRef = B6FDB6002174D06C00AF4365 /* yas_processing_envelope_module.cpp */; };
		B6FDB6342174D06C00AF4365 /* yas_processing_routing_modules.cpp in Sources */ = {isa = PBXBuildFile; fileRef = B6FDB6012174D06C00AF4365 /* yas_processing_routing_modules.cpp */; };
		B6FDB6352174D06C00AF4365 /* yas_processing_constant_module.cpp in Sources */ = {isa = PBXBuildFile; fileRef = B6FDB6042174D06C00AF4365 /* yas_processing_constant_module.cpp */; };
		B6FDB6362174D06C00AF4365 /* yas_processing_cast_module.cpp in Sources */ = {isa = PBXBuildFile; fileRef = B6FDB6052174D06C00AF4365 /* yas_processing_cast_module.cpp */; };
		B6FDB6372174D06C00AF4365 /* yas_processing_sub_timeline_module.cpp in Sources */ = {isa = PBXBuildFile; fileRef = B6FDB6062174D06C00AF4365 /* yas_processing_sub_timeline_module.cpp */; };
		B6FDB6382174D06C00AF4365 /* yas_processing_module.cpp in Sources */ = {isa = PBXBuildFile; fileRef = B6FDB6082174D06C00AF4365 /* yas_processing_module.cpp */; };
		B6FDB6392174D06C00AF4365 /* yas_processing_send_number_processor.cpp in Sources */ = {isa = PBXBuildFile; fileRef = B6FDB60A2174D06C00AF4365 /* yas_processing_send_number_processor.cpp */; };
		B6FDB63A2174D06C00AF4365 /* yas_processing_receive_number_processor.cpp in Sources */ = {isa = PBXBuildFile; fileRef = B6FDB60D2174D06C00AF4365 /* yas_processing_receive_number_processor.cpp */; };
		B6FDB63B2174D06C00AF4365 /* yas_processing_remove_signal_processor.cpp in Sources */ = {isa = PBXBuildFile; fileRef = B6FDB60F2174D06C00AF4365 /* yas_processing_remove_signal_processor.cpp */; };
		B6FDB63C2174D06C00AF4365 /* yas_processing_remove_number_processor.cpp in Sources */ = {isa = PBXBuildFile; fileRef = B6FDB6132174D06C00AF4365 /* yas_processing_remove_number_processor.cpp */; };
		B6FDB63D2174D06C00AF4365 /* yas_processing_receive_signal_processor.cpp in Sources */ = {isa = PBXBuildFile; fileRef = B6FDB6142174D06C00AF4365 /* yas_processing_receive_signal_processor.cpp */; };
		B6FDB63E2174D06C00AF4365 /* yas_processing_send_signal_processor.cpp in Sources */ = {isa = PBXBuildFile; fileRef = B6FDB6152174D06C00AF4365 /* yas_processing_send_signal_processor.cpp */; };
		B6FDB63F2174D06C00AF4365 /* yas_processing_track.cpp in Sources */ = {isa = PBXBuildFile; fileRef = B6FDB6172174D06C00AF4365 /* yas_processing_track.cpp */; };
		B6FDB6402174D06C00AF4365 /* yas_processing_stream.cpp in Sources */ = {isa = PBXBuildFile; fileRef = B6FDB6192174D06C00AF4365 /* yas_processing_stream.cpp */; };
		B6FDB6412174D06C00AF4365 /* yas_processing_timeline.cpp in Sources */ = {isa = PBXBuildFile; fileRef = B6FDB61A2174D06C00AF4365 /* yas_processing_timeline.cpp */; };
		B6FDB6422174D06C00AF4365 /* yas_processing_event.cpp in Sources */ = {isa = PBXBuildFile; fileRef = B6FDB6202174D06C00AF4365 /* yas_processing_event.cpp */; };
		B6FDB6432174D06C00AF4365 /* yas_processing_time.cpp in Sources */ = {isa = PBXBuildFile; fileRef = B6FDB6222174D06C00AF4365 /* yas_processing_time.cpp */; };
		B6FDB6442174D06C00AF4365 /* yas_processing_signal_event.cpp in Sources */ = {isa = PBXBuildFile; fileRef = B6FDB6272174D06C00AF4365 /* yas_processing_signal_event.cpp */; };
		B6FDB6452174D06C00AF4365 /* yas_processing_number_event.cpp in Sources */ = {isa = PBXBuildFile; fileRef = B6FDB6282174D06C00AF4365 /* yas_processing_number_event.cpp */; };
		B6FDB64D2177568500AF4365 /* yas_multi_track_signal_exporter.cpp in Sources */ = {isa = PBXBuildFile; fileRef = B6FDB64B2177568500AF4365 /* yas_multi_track_signal_exporter.cpp */; };
		B6FDB69C2177618E00AF4365 /* yas_audio_exception.cpp in Sources */ = {isa = PBXBuildFile; fileRef = B6FDB6542177618E00AF4365 /* yas_audio_exception.cpp */; };
		B6FDB69D2177618E00AF4365 /* yas_audio_format.mm in Sources */ = {isa = PBXBuildFile; fileRef = B6FDB6552177618E00AF4365 /* yas_audio_format.mm */; };
		B6FDB69E2177618E00AF4365 /* yas_audio_file.mm in Sources */ = {isa = PBXBuildFile; fileRef = B6FDB6562177618E00AF4365 /* yas_audio_file.mm */; };
		B6FDB69F2177618E00AF4365 /* yas_audio_file_utils.mm in Sources */ = {isa = PBXBuildFile; fileRef = B6FDB6582177618E00AF4365 /* yas_audio_file_utils.mm */; };
		B6FDB6A02177618E00AF4365 /* yas_audio_types.cpp in Sources */ = {isa = PBXBuildFile; fileRef = B6FDB65B2177618E00AF4365 /* yas_audio_types.cpp */; };
		B6FDB6A12177618E00AF4365 /* yas_audio_math.cpp in Sources */ = {isa = PBXBuildFile; fileRef = B6FDB65E2177618E00AF4365 /* yas_audio_math.cpp */; };
		B6FDB6A22177618E00AF4365 /* yas_audio_time.mm in Sources */ = {isa = PBXBuildFile; fileRef = B6FDB6602177618E00AF4365 /* yas_audio_time.mm */; };
		B6FDB6A32177618E00AF4365 /* yas_audio_pcm_buffer.cpp in Sources */ = {isa = PBXBuildFile; fileRef = B6FDB6612177618E00AF4365 /* yas_audio_pcm_buffer.cpp */; };
		B6FDB6A42177618E00AF4365 /* yas_audio_objc_utils.mm in Sources */ = {isa = PBXBuildFile; fileRef = B6FDB6622177618E00AF4365 /* yas_audio_objc_utils.mm */; };
		B6FDB6A52177618E00AF4365 /* yas_audio_graph.mm in Sources */ = {isa = PBXBuildFile; fileRef = B6FDB6662177618E00AF4365 /* yas_audio_graph.mm */; };
		B6FDB6A62177618E00AF4365 /* yas_audio_unit_parameter.cpp in Sources */ = {isa = PBXBuildFile; fileRef = B6FDB6682177618E00AF4365 /* yas_audio_unit_parameter.cpp */; };
		B6FDB6A72177618E00AF4365 /* yas_audio_unit.mm in Sources */ = {isa = PBXBuildFile; fileRef = B6FDB6692177618E00AF4365 /* yas_audio_unit.mm */; };
		B6FDB6A82177618E00AF4365 /* yas_audio_unit_protocol.cpp in Sources */ = {isa = PBXBuildFile; fileRef = B6FDB66C2177618E00AF4365 /* yas_audio_unit_protocol.cpp */; };
		B6FDB6A92177618E00AF4365 /* yas_audio_engine_kernel_protocol.cpp in Sources */ = {isa = PBXBuildFile; fileRef = B6FDB6702177618E00AF4365 /* yas_audio_engine_kernel_protocol.cpp */; };
		B6FDB6AA2177618E00AF4365 /* yas_audio_engine_route.cpp in Sources */ = {isa = PBXBuildFile; fileRef = B6FDB6722177618E00AF4365 /* yas_audio_engine_route.cpp */; };
		B6FDB6AB2177618E00AF4365 /* yas_audio_engine_offline_output_protocol.cpp in Sources */ = {isa = PBXBuildFile; fileRef = B6FDB6732177618E00AF4365 /* yas_audio_engine_offline_output_protocol.cpp */; };
		B6FDB6AC2177618E00AF4365 /* yas_audio_engine_tap.cpp in Sources */ = {isa = PBXBuildFile; fileRef = B6FDB6742177618E00AF4365 /* yas_audio_engine_tap.cpp */; };
		B6FDB6AD2177618E00AF4365 /* yas_audio_engine_device_io.cpp in Sources */ = {isa = PBXBuildFile; fileRef = B6FDB6752177618E00AF4365 /* yas_audio_engine_device_io.cpp */; };
		B6FDB6AE2177618E00AF4365 /* yas_audio_engine_node_protocol.cpp in Sources */ = {isa = PBXBuildFile; fileRef = B6FDB6792177618E00AF4365 /* yas_audio_engine_node_protocol.cpp */; };
		B6FDB6AF2177618E00AF4365 /* yas_audio_engine_au_mixer.cpp in Sources */ = {isa = PBXBuildFile; fileRef = B6FDB67A2177618E00AF4365 /* yas_audio_engine_au_mixer.cpp */; };
		B6FDB6B02177618E00AF4365 /* yas_audio_engine_connection.cpp in Sources */ = {isa = PBXBuildFile; fileRef = B6FDB67F2177618E00AF4365 /* yas_audio_engine_connection.cpp */; };
		B6FDB6B12177618E00AF4365 /* yas_audio_engine_node.cpp in Sources */ = {isa = PBXBuildFile; fileRef = B6FDB6802177618E00AF4365 /* yas_audio_engine_node.cpp */; };
		B6FDB6B22177618E00AF4365 /* yas_audio_engine_au_io.mm in Sources */ = {isa = PBXBuildFile; fileRef = B6FDB6812177618E00AF4365 /* yas_audio_engine_au_io.mm */; };
		B6FDB6B32177618E00AF4365 /* yas_audio_engine_device_io_protocol.cpp in Sources */ = {isa = PBXBuildFile; fileRef = B6FDB6822177618E00AF4365 /* yas_audio_engine_device_io_protocol.cpp */; };
		B6FDB6B42177618E00AF4365 /* yas_audio_engine_au_protocol.cpp in Sources */ = {isa = PBXBuildFile; fileRef = B6FDB6832177618E00AF4365 /* yas_audio_engine_au_protocol.cpp */; };
		B6FDB6B52177618E00AF4365 /* yas_audio_engine_au.cpp in Sources */ = {isa = PBXBuildFile; fileRef = B6FDB6852177618E00AF4365 /* yas_audio_engine_au.cpp */; };
		B6FDB6B62177618E00AF4365 /* yas_audio_engine_offline_output.mm in Sources */ = {isa = PBXBuildFile; fileRef = B6FDB6862177618E00AF4365 /* yas_audio_engine_offline_output.mm */; };
		B6FDB6B72177618E00AF4365 /* yas_audio_engine_manager.mm in Sources */ = {isa = PBXBuildFile; fileRef = B6FDB6872177618E00AF4365 /* yas_audio_engine_manager.mm */; };
		B6FDB6B82177618E00AF4365 /* yas_audio_engine_kernel.cpp in Sources */ = {isa = PBXBuildFile; fileRef = B6FDB68C2177618E00AF4365 /* yas_audio_engine_kernel.cpp */; };
		B6FDB6B92177618E00AF4365 /* yas_audio_engine_connection_protocol.cpp in Sources */ = {isa = PBXBuildFile; fileRef = B6FDB68F2177618E00AF4365 /* yas_audio_engine_connection_protocol.cpp */; };
		B6FDB6BA2177618E00AF4365 /* yas_audio_device_io.mm in Sources */ = {isa = PBXBuildFile; fileRef = B6FDB6932177618E00AF4365 /* yas_audio_device_io.mm */; };
		B6FDB6BB2177618E00AF4365 /* yas_audio_device.cpp in Sources */ = {isa = PBXBuildFile; fileRef = B6FDB6982177618E00AF4365 /* yas_audio_device.cpp */; };
		B6FDB6BC2177618E00AF4365 /* yas_audio_device_stream.cpp in Sources */ = {isa = PBXBuildFile; fileRef = B6FDB69A2177618E00AF4365 /* yas_audio_device_stream.cpp */; };
		B6FDB6BD2177618E00AF4365 /* yas_audio_route.cpp in Sources */ = {isa = PBXBuildFile; fileRef = B6FDB69B2177618E00AF4365 /* yas_audio_route.cpp */; };
/* End PBXBuildFile section */

/* Begin PBXContainerItemProxy section */
		B685EDDE2171ABE9002EDC9B /* PBXContainerItemProxy */ = {
			isa = PBXContainerItemProxy;
			containerPortal = B685EDBD2171ABE8002EDC9B /* Project object */;
			proxyType = 1;
			remoteGlobalIDString = B685EDC42171ABE8002EDC9B;
			remoteInfo = MultiChannelAudioPlayer;
		};
/* End PBXContainerItemProxy section */

/* Begin PBXFileReference section */
		B679E2AD2172BEB700859687 /* yas_objc_unowned.m */ = {isa = PBXFileReference; fileEncoding = 4; lastKnownFileType = sourcecode.c.objc; path = yas_objc_unowned.m; sourceTree = "<group>"; };
		B679E2AE2172BEB700859687 /* yas_objc_macros.h */ = {isa = PBXFileReference; fileEncoding = 4; lastKnownFileType = sourcecode.c.h; path = yas_objc_macros.h; sourceTree = "<group>"; };
		B679E2AF2172BEB700859687 /* yas_objc_unowned.h */ = {isa = PBXFileReference; fileEncoding = 4; lastKnownFileType = sourcecode.c.h; path = yas_objc_unowned.h; sourceTree = "<group>"; };
		B679E2B22172BF3600859687 /* yas_to_string.h */ = {isa = PBXFileReference; fileEncoding = 4; lastKnownFileType = sourcecode.c.h; path = yas_to_string.h; sourceTree = "<group>"; };
		B679E2B32172BF3600859687 /* yas_cf_utils_private.h */ = {isa = PBXFileReference; fileEncoding = 4; lastKnownFileType = sourcecode.c.h; path = yas_cf_utils_private.h; sourceTree = "<group>"; };
		B679E2B42172BF3600859687 /* yas_unless.h */ = {isa = PBXFileReference; fileEncoding = 4; lastKnownFileType = sourcecode.c.h; path = yas_unless.h; sourceTree = "<group>"; };
		B679E2B52172BF3600859687 /* yas_timer.mm */ = {isa = PBXFileReference; fileEncoding = 4; lastKnownFileType = sourcecode.cpp.objcpp; path = yas_timer.mm; sourceTree = "<group>"; };
		B679E2B62172BF3600859687 /* yas_flex_ptr.h */ = {isa = PBXFileReference; fileEncoding = 4; lastKnownFileType = sourcecode.c.h; path = yas_flex_ptr.h; sourceTree = "<group>"; };
		B679E2B72172BF3600859687 /* yas_to_bool.h */ = {isa = PBXFileReference; fileEncoding = 4; lastKnownFileType = sourcecode.c.h; path = yas_to_bool.h; sourceTree = "<group>"; };
		B679E2B82172BF3600859687 /* yas_delaying_caller.cpp */ = {isa = PBXFileReference; fileEncoding = 4; lastKnownFileType = sourcecode.cpp.cpp; path = yas_delaying_caller.cpp; sourceTree = "<group>"; };
		B679E2B92172BF3600859687 /* yas_data.h */ = {isa = PBXFileReference; fileEncoding = 4; lastKnownFileType = sourcecode.c.h; path = yas_data.h; sourceTree = "<group>"; };
		B679E2BA2172BF3600859687 /* yas_cf_ref_private.h */ = {isa = PBXFileReference; fileEncoding = 4; lastKnownFileType = sourcecode.c.h; path = yas_cf_ref_private.h; sourceTree = "<group>"; };
		B679E2BB2172BF3600859687 /* yas_objc_cast.h */ = {isa = PBXFileReference; fileEncoding = 4; lastKnownFileType = sourcecode.c.h; path = yas_objc_cast.h; sourceTree = "<group>"; };
		B679E2BC2172BF3600859687 /* yas_boolean.h */ = {isa = PBXFileReference; fileEncoding = 4; lastKnownFileType = sourcecode.c.h; path = yas_boolean.h; sourceTree = "<group>"; };
		B679E2BD2172BF3600859687 /* yas_flagset_private.h */ = {isa = PBXFileReference; fileEncoding = 4; lastKnownFileType = sourcecode.c.h; path = yas_flagset_private.h; sourceTree = "<group>"; };
		B679E2BE2172BF3600859687 /* yas_operation_protocol.h */ = {isa = PBXFileReference; fileEncoding = 4; lastKnownFileType = sourcecode.c.h; path = yas_operation_protocol.h; sourceTree = "<group>"; };
		B679E2BF2172BF3600859687 /* yas_each_dictionary.h */ = {isa = PBXFileReference; fileEncoding = 4; lastKnownFileType = sourcecode.c.h; path = yas_each_dictionary.h; sourceTree = "<group>"; };
		B679E2C02172BF3600859687 /* yas_type_traits.h */ = {isa = PBXFileReference; fileEncoding = 4; lastKnownFileType = sourcecode.c.h; path = yas_type_traits.h; sourceTree = "<group>"; };
		B679E2C12172BF3600859687 /* yas_each_index.h */ = {isa = PBXFileReference; fileEncoding = 4; lastKnownFileType = sourcecode.c.h; path = yas_each_index.h; sourceTree = "<group>"; };
		B679E2C22172BF3600859687 /* yas_any.h */ = {isa = PBXFileReference; fileEncoding = 4; lastKnownFileType = sourcecode.c.h; path = yas_any.h; sourceTree = "<group>"; };
		B679E2C32172BF3600859687 /* yas_cf_ref.h */ = {isa = PBXFileReference; fileEncoding = 4; lastKnownFileType = sourcecode.c.h; path = yas_cf_ref.h; sourceTree = "<group>"; };
		B679E2C42172BF3600859687 /* yas_data_private.h */ = {isa = PBXFileReference; fileEncoding = 4; lastKnownFileType = sourcecode.c.h; path = yas_data_private.h; sourceTree = "<group>"; };
		B679E2C52172BF3600859687 /* yas_result_private.h */ = {isa = PBXFileReference; fileEncoding = 4; lastKnownFileType = sourcecode.c.h; path = yas_result_private.h; sourceTree = "<group>"; };
		B679E2C62172BF3600859687 /* yas_version.cpp */ = {isa = PBXFileReference; fileEncoding = 4; lastKnownFileType = sourcecode.cpp.cpp; path = yas_version.cpp; sourceTree = "<group>"; };
		B679E2C72172BF3600859687 /* yas_protocol.h */ = {isa = PBXFileReference; fileEncoding = 4; lastKnownFileType = sourcecode.c.h; path = yas_protocol.h; sourceTree = "<group>"; };
		B679E2C82172BF3600859687 /* yas_flagset.h */ = {isa = PBXFileReference; fileEncoding = 4; lastKnownFileType = sourcecode.c.h; path = yas_flagset.h; sourceTree = "<group>"; };
		B679E2C92172BF3600859687 /* yas_timer.h */ = {isa = PBXFileReference; fileEncoding = 4; lastKnownFileType = sourcecode.c.h; path = yas_timer.h; sourceTree = "<group>"; };
		B679E2CA2172BF3600859687 /* yas_fast_each.h */ = {isa = PBXFileReference; fileEncoding = 4; lastKnownFileType = sourcecode.c.h; path = yas_fast_each.h; sourceTree = "<group>"; };
		B679E2CB2172BF3600859687 /* yas_objc_ptr.h */ = {isa = PBXFileReference; fileEncoding = 4; lastKnownFileType = sourcecode.c.h; path = yas_objc_ptr.h; sourceTree = "<group>"; };
		B679E2CC2172BF3600859687 /* yas_flex_ptr.cpp */ = {isa = PBXFileReference; fileEncoding = 4; lastKnownFileType = sourcecode.cpp.cpp; path = yas_flex_ptr.cpp; sourceTree = "<group>"; };
		B679E2CD2172BF3600859687 /* yas_result.h */ = {isa = PBXFileReference; fileEncoding = 4; lastKnownFileType = sourcecode.c.h; path = yas_result.h; sourceTree = "<group>"; };
		B679E2CE2172BF3600859687 /* yas_version.h */ = {isa = PBXFileReference; fileEncoding = 4; lastKnownFileType = sourcecode.c.h; path = yas_version.h; sourceTree = "<group>"; };
		B679E2CF2172BF3600859687 /* yas_data.cpp */ = {isa = PBXFileReference; fileEncoding = 4; lastKnownFileType = sourcecode.cpp.cpp; path = yas_data.cpp; sourceTree = "<group>"; };
		B679E2D02172BF3600859687 /* yas_operation.cpp */ = {isa = PBXFileReference; fileEncoding = 4; lastKnownFileType = sourcecode.cpp.cpp; path = yas_operation.cpp; sourceTree = "<group>"; };
		B679E2D12172BF3600859687 /* yas_base.h */ = {isa = PBXFileReference; fileEncoding = 4; lastKnownFileType = sourcecode.c.h; path = yas_base.h; sourceTree = "<group>"; };
		B679E2D22172BF3600859687 /* yas_any_private.h */ = {isa = PBXFileReference; fileEncoding = 4; lastKnownFileType = sourcecode.c.h; path = yas_any_private.h; sourceTree = "<group>"; };
		B679E2D32172BF3600859687 /* yas_base_private.h */ = {isa = PBXFileReference; fileEncoding = 4; lastKnownFileType = sourcecode.c.h; path = yas_base_private.h; sourceTree = "<group>"; };
		B679E2D42172BF3600859687 /* yas_flow_graph_private.h */ = {isa = PBXFileReference; fileEncoding = 4; lastKnownFileType = sourcecode.c.h; path = yas_flow_graph_private.h; sourceTree = "<group>"; };
		B679E2D52172BF3600859687 /* yas_base.cpp */ = {isa = PBXFileReference; fileEncoding = 4; lastKnownFileType = sourcecode.cpp.cpp; path = yas_base.cpp; sourceTree = "<group>"; };
		B679E2D62172BF3600859687 /* yas_to_floating_point.h */ = {isa = PBXFileReference; fileEncoding = 4; lastKnownFileType = sourcecode.c.h; path = yas_to_floating_point.h; sourceTree = "<group>"; };
		B679E2D72172BF3700859687 /* yas_exception.cpp */ = {isa = PBXFileReference; fileEncoding = 4; lastKnownFileType = sourcecode.cpp.cpp; path = yas_exception.cpp; sourceTree = "<group>"; };
		B679E2D82172BF3700859687 /* yas_protocol.cpp */ = {isa = PBXFileReference; fileEncoding = 4; lastKnownFileType = sourcecode.cpp.cpp; path = yas_protocol.cpp; sourceTree = "<group>"; };
		B679E2D92172BF3700859687 /* yas_protocol_private.h */ = {isa = PBXFileReference; fileEncoding = 4; lastKnownFileType = sourcecode.c.h; path = yas_protocol_private.h; sourceTree = "<group>"; };
		B679E2DA2172BF3700859687 /* yas_each_data_private.h */ = {isa = PBXFileReference; fileEncoding = 4; lastKnownFileType = sourcecode.c.h; path = yas_each_data_private.h; sourceTree = "<group>"; };
		B679E2DB2172BF3700859687 /* yas_any.cpp */ = {isa = PBXFileReference; fileEncoding = 4; lastKnownFileType = sourcecode.cpp.cpp; path = yas_any.cpp; sourceTree = "<group>"; };
		B679E2DC2172BF3700859687 /* yas_fast_each_private.h */ = {isa = PBXFileReference; fileEncoding = 4; lastKnownFileType = sourcecode.c.h; path = yas_fast_each_private.h; sourceTree = "<group>"; };
		B679E2DD2172BF3700859687 /* yas_delaying_caller.h */ = {isa = PBXFileReference; fileEncoding = 4; lastKnownFileType = sourcecode.c.h; path = yas_delaying_caller.h; sourceTree = "<group>"; };
		B679E2DE2172BF3700859687 /* yas_stl_utils.h */ = {isa = PBXFileReference; fileEncoding = 4; lastKnownFileType = sourcecode.c.h; path = yas_stl_utils.h; sourceTree = "<group>"; };
		B679E2DF2172BF3700859687 /* yas_cf_utils.h */ = {isa = PBXFileReference; fileEncoding = 4; lastKnownFileType = sourcecode.c.h; path = yas_cf_utils.h; sourceTree = "<group>"; };
		B679E2E02172BF3700859687 /* yas_each_data.h */ = {isa = PBXFileReference; fileEncoding = 4; lastKnownFileType = sourcecode.c.h; path = yas_each_data.h; sourceTree = "<group>"; };
		B679E2E12172BF3700859687 /* yas_types.h */ = {isa = PBXFileReference; fileEncoding = 4; lastKnownFileType = sourcecode.c.h; path = yas_types.h; sourceTree = "<group>"; };
		B679E2E22172BF3700859687 /* yas_stl_utils_private.h */ = {isa = PBXFileReference; fileEncoding = 4; lastKnownFileType = sourcecode.c.h; path = yas_stl_utils_private.h; sourceTree = "<group>"; };
		B679E2E32172BF3700859687 /* yas_each_index_private.h */ = {isa = PBXFileReference; fileEncoding = 4; lastKnownFileType = sourcecode.c.h; path = yas_each_index_private.h; sourceTree = "<group>"; };
		B679E2E42172BF3700859687 /* yas_each_dictionary.cpp */ = {isa = PBXFileReference; fileEncoding = 4; lastKnownFileType = sourcecode.cpp.cpp; path = yas_each_dictionary.cpp; sourceTree = "<group>"; };
		B679E2E52172BF3700859687 /* yas_stl_utils.cpp */ = {isa = PBXFileReference; fileEncoding = 4; lastKnownFileType = sourcecode.cpp.cpp; path = yas_stl_utils.cpp; sourceTree = "<group>"; };
		B679E2E62172BF3700859687 /* yas_cf_utils.mm */ = {isa = PBXFileReference; fileEncoding = 4; lastKnownFileType = sourcecode.cpp.objcpp; path = yas_cf_utils.mm; sourceTree = "<group>"; };
		B679E2E72172BF3700859687 /* yas_cf_ref.cpp */ = {isa = PBXFileReference; fileEncoding = 4; lastKnownFileType = sourcecode.cpp.cpp; path = yas_cf_ref.cpp; sourceTree = "<group>"; };
		B679E2E82172BF3700859687 /* yas_objc_ptr_private.h */ = {isa = PBXFileReference; fileEncoding = 4; lastKnownFileType = sourcecode.c.h; path = yas_objc_ptr_private.h; sourceTree = "<group>"; };
		B679E2E92172BF3700859687 /* yas_objc_ptr.mm */ = {isa = PBXFileReference; fileEncoding = 4; lastKnownFileType = sourcecode.cpp.objcpp; path = yas_objc_ptr.mm; sourceTree = "<group>"; };
		B679E2EA2172BF3700859687 /* yas_exception.h */ = {isa = PBXFileReference; fileEncoding = 4; lastKnownFileType = sourcecode.c.h; path = yas_exception.h; sourceTree = "<group>"; };
		B679E2EB2172BF3700859687 /* yas_to_integer.h */ = {isa = PBXFileReference; fileEncoding = 4; lastKnownFileType = sourcecode.c.h; path = yas_to_integer.h; sourceTree = "<group>"; };
		B679E2EC2172BF3700859687 /* yas_boolean.cpp */ = {isa = PBXFileReference; fileEncoding = 4; lastKnownFileType = sourcecode.cpp.cpp; path = yas_boolean.cpp; sourceTree = "<group>"; };
		B679E2ED2172BF3700859687 /* yas_flow_graph.h */ = {isa = PBXFileReference; fileEncoding = 4; lastKnownFileType = sourcecode.c.h; path = yas_flow_graph.h; sourceTree = "<group>"; };
		B679E2EE2172BF3700859687 /* yas_operation.h */ = {isa = PBXFileReference; fileEncoding = 4; lastKnownFileType = sourcecode.c.h; path = yas_operation.h; sourceTree = "<group>"; };
		B679E3002172BFBE00859687 /* Accelerate.framework */ = {isa = PBXFileReference; lastKnownFileType = wrapper.framework; name = Accelerate.framework; path = System/Library/Frameworks/Accelerate.framework; sourceTree = SDKROOT; };
		B685EDC52171ABE8002EDC9B /* MultiChannelAudioPlayer.app */ = {isa = PBXFileReference; explicitFileType = wrapper.application; includeInIndex = 0; path = MultiChannelAudioPlayer.app; sourceTree = BUILT_PRODUCTS_DIR; };
		B685EDC82171ABE8002EDC9B /* AppDelegate.h */ = {isa = PBXFileReference; lastKnownFileType = sourcecode.c.h; path = AppDelegate.h; sourceTree = "<group>"; };
		B685EDC92171ABE8002EDC9B /* AppDelegate.m */ = {isa = PBXFileReference; lastKnownFileType = sourcecode.c.objc; path = AppDelegate.m; sourceTree = "<group>"; };
		B685EDCB2171ABE8002EDC9B /* ViewController.h */ = {isa = PBXFileReference; lastKnownFileType = sourcecode.c.h; path = ViewController.h; sourceTree = "<group>"; };
		B685EDCC2171ABE8002EDC9B /* ViewController.m */ = {isa = PBXFileReference; lastKnownFileType = sourcecode.c.objc; path = ViewController.m; sourceTree = "<group>"; };
		B685EDCF2171ABE8002EDC9B /* Base */ = {isa = PBXFileReference; lastKnownFileType = file.storyboard; name = Base; path = Base.lproj/Main.storyboard; sourceTree = "<group>"; };
		B685EDD12171ABE9002EDC9B /* Assets.xcassets */ = {isa = PBXFileReference; lastKnownFileType = folder.assetcatalog; path = Assets.xcassets; sourceTree = "<group>"; };
		B685EDD42171ABE9002EDC9B /* Base */ = {isa = PBXFileReference; lastKnownFileType = file.storyboard; name = Base; path = Base.lproj/LaunchScreen.storyboard; sourceTree = "<group>"; };
		B685EDD62171ABE9002EDC9B /* Info.plist */ = {isa = PBXFileReference; lastKnownFileType = text.plist.xml; path = Info.plist; sourceTree = "<group>"; };
		B685EDD72171ABE9002EDC9B /* main.m */ = {isa = PBXFileReference; lastKnownFileType = sourcecode.c.objc; path = main.m; sourceTree = "<group>"; };
		B685EDDD2171ABE9002EDC9B /* MultiChannelAudioPlayerTests.xctest */ = {isa = PBXFileReference; explicitFileType = wrapper.cfbundle; includeInIndex = 0; path = MultiChannelAudioPlayerTests.xctest; sourceTree = BUILT_PRODUCTS_DIR; };
		B685EDE12171ABE9002EDC9B /* MultiChannelAudioPlayerTests.m */ = {isa = PBXFileReference; lastKnownFileType = sourcecode.c.objc; path = MultiChannelAudioPlayerTests.m; sourceTree = "<group>"; };
		B685EDE32171ABE9002EDC9B /* Info.plist */ = {isa = PBXFileReference; lastKnownFileType = text.plist.xml; path = Info.plist; sourceTree = "<group>"; };
		B6FDB5E62174D06C00AF4365 /* yas_processing_track.h */ = {isa = PBXFileReference; fileEncoding = 4; lastKnownFileType = sourcecode.c.h; path = yas_processing_track.h; sourceTree = "<group>"; };
		B6FDB5E72174D06C00AF4365 /* yas_processing_channel.h */ = {isa = PBXFileReference; fileEncoding = 4; lastKnownFileType = sourcecode.c.h; path = yas_processing_channel.h; sourceTree = "<group>"; };
		B6FDB5E82174D06C00AF4365 /* yas_processing_channel_private.h */ = {isa = PBXFileReference; fileEncoding = 4; lastKnownFileType = sourcecode.c.h; path = yas_processing_channel_private.h; sourceTree = "<group>"; };
		B6FDB5E92174D06C00AF4365 /* yas_processing_sync_source.cpp */ = {isa = PBXFileReference; fileEncoding = 4; lastKnownFileType = sourcecode.cpp.cpp; path = yas_processing_sync_source.cpp; sourceTree = "<group>"; };
		B6FDB5EA2174D06C00AF4365 /* yas_processing_channel.cpp */ = {isa = PBXFileReference; fileEncoding = 4; lastKnownFileType = sourcecode.cpp.cpp; path = yas_processing_channel.cpp; sourceTree = "<group>"; };
		B6FDB5EB2174D06C00AF4365 /* yas_processing_processor.h */ = {isa = PBXFileReference; fileEncoding = 4; lastKnownFileType = sourcecode.c.h; path = yas_processing_processor.h; sourceTree = "<group>"; };
		B6FDB5EC2174D06C00AF4365 /* yas_processing_time.h */ = {isa = PBXFileReference; fileEncoding = 4; lastKnownFileType = sourcecode.c.h; path = yas_processing_time.h; sourceTree = "<group>"; };
		B6FDB5EE2174D06C00AF4365 /* yas_processing_generator_modules.h */ = {isa = PBXFileReference; fileEncoding = 4; lastKnownFileType = sourcecode.c.h; path = yas_processing_generator_modules.h; sourceTree = "<group>"; };
		B6FDB5EF2174D06C00AF4365 /* yas_processing_compare_modules.cpp */ = {isa = PBXFileReference; fileEncoding = 4; lastKnownFileType = sourcecode.cpp.cpp; path = yas_processing_compare_modules.cpp; sourceTree = "<group>"; };
		B6FDB5F02174D06C00AF4365 /* yas_processing_sub_timeline_module.h */ = {isa = PBXFileReference; fileEncoding = 4; lastKnownFileType = sourcecode.c.h; path = yas_processing_sub_timeline_module.h; sourceTree = "<group>"; };
		B6FDB5F12174D06C00AF4365 /* yas_processing_math2_modules.cpp */ = {isa = PBXFileReference; fileEncoding = 4; lastKnownFileType = sourcecode.cpp.cpp; path = yas_processing_math2_modules.cpp; sourceTree = "<group>"; };
		B6FDB5F22174D06C00AF4365 /* yas_processing_cast_module_private.h */ = {isa = PBXFileReference; fileEncoding = 4; lastKnownFileType = sourcecode.c.h; path = yas_processing_cast_module_private.h; sourceTree = "<group>"; };
		B6FDB5F42174D06C00AF4365 /* yas_processing_number_process_context_private.h */ = {isa = PBXFileReference; fileEncoding = 4; lastKnownFileType = sourcecode.c.h; path = yas_processing_number_process_context_private.h; sourceTree = "<group>"; };
		B6FDB5F52174D06C00AF4365 /* yas_processing_signal_process_context.h */ = {isa = PBXFileReference; fileEncoding = 4; lastKnownFileType = sourcecode.c.h; path = yas_processing_signal_process_context.h; sourceTree = "<group>"; };
		B6FDB5F62174D06C00AF4365 /* yas_processing_number_process_context.h */ = {isa = PBXFileReference; fileEncoding = 4; lastKnownFileType = sourcecode.c.h; path = yas_processing_number_process_context.h; sourceTree = "<group>"; };
		B6FDB5F72174D06C00AF4365 /* yas_processing_signal_process_context_private.h */ = {isa = PBXFileReference; fileEncoding = 4; lastKnownFileType = sourcecode.c.h; path = yas_processing_signal_process_context_private.h; sourceTree = "<group>"; };
		B6FDB5F82174D06C00AF4365 /* yas_processing_compare_modules.h */ = {isa = PBXFileReference; fileEncoding = 4; lastKnownFileType = sourcecode.c.h; path = yas_processing_compare_modules.h; sourceTree = "<group>"; };
		B6FDB5F92174D06C00AF4365 /* yas_processing_routing_modules.h */ = {isa = PBXFileReference; fileEncoding = 4; lastKnownFileType = sourcecode.c.h; path = yas_processing_routing_modules.h; sourceTree = "<group>"; };
		B6FDB5FA2174D06C00AF4365 /* yas_processing_generator_modules.cpp */ = {isa = PBXFileReference; fileEncoding = 4; lastKnownFileType = sourcecode.cpp.cpp; path = yas_processing_generator_modules.cpp; sourceTree = "<group>"; };
		B6FDB5FB2174D06C00AF4365 /* yas_processing_math2_modules.h */ = {isa = PBXFileReference; fileEncoding = 4; lastKnownFileType = sourcecode.c.h; path = yas_processing_math2_modules.h; sourceTree = "<group>"; };
		B6FDB5FC2174D06C00AF4365 /* yas_processing_math1_modules.cpp */ = {isa = PBXFileReference; fileEncoding = 4; lastKnownFileType = sourcecode.cpp.cpp; path = yas_processing_math1_modules.cpp; sourceTree = "<group>"; };
		B6FDB5FD2174D06C00AF4365 /* yas_processing_number_to_signal_module.cpp */ = {isa = PBXFileReference; fileEncoding = 4; lastKnownFileType = sourcecode.cpp.cpp; path = yas_processing_number_to_signal_module.cpp; sourceTree = "<group>"; };
		B6FDB5FE2174D06C00AF4365 /* yas_processing_math1_modules.h */ = {isa = PBXFileReference; fileEncoding = 4; lastKnownFileType = sourcecode.c.h; path = yas_processing_math1_modules.h; sourceTree = "<group>"; };
		B6FDB5FF2174D06C00AF4365 /* yas_processing_number_to_signal_module.h */ = {isa = PBXFileReference; fileEncoding = 4; lastKnownFileType = sourcecode.c.h; path = yas_processing_number_to_signal_module.h; sourceTree = "<group>"; };
		B6FDB6002174D06C00AF4365 /* yas_processing_envelope_module.cpp */ = {isa = PBXFileReference; fileEncoding = 4; lastKnownFileType = sourcecode.cpp.cpp; path = yas_processing_envelope_module.cpp; sourceTree = "<group>"; };
		B6FDB6012174D06C00AF4365 /* yas_processing_routing_modules.cpp */ = {isa = PBXFileReference; fileEncoding = 4; lastKnownFileType = sourcecode.cpp.cpp; path = yas_processing_routing_modules.cpp; sourceTree = "<group>"; };
		B6FDB6022174D06C00AF4365 /* yas_processing_envelope_module.h */ = {isa = PBXFileReference; fileEncoding = 4; lastKnownFileType = sourcecode.c.h; path = yas_processing_envelope_module.h; sourceTree = "<group>"; };
		B6FDB6032174D06C00AF4365 /* yas_processing_cast_module.h */ = {isa = PBXFileReference; fileEncoding = 4; lastKnownFileType = sourcecode.c.h; path = yas_processing_cast_module.h; sourceTree = "<group>"; };
		B6FDB6042174D06C00AF4365 /* yas_processing_constant_module.cpp */ = {isa = PBXFileReference; fileEncoding = 4; lastKnownFileType = sourcecode.cpp.cpp; path = yas_processing_constant_module.cpp; sourceTree = "<group>"; };
		B6FDB6052174D06C00AF4365 /* yas_processing_cast_module.cpp */ = {isa = PBXFileReference; fileEncoding = 4; lastKnownFileType = sourcecode.cpp.cpp; path = yas_processing_cast_module.cpp; sourceTree = "<group>"; };
		B6FDB6062174D06C00AF4365 /* yas_processing_sub_timeline_module.cpp */ = {isa = PBXFileReference; fileEncoding = 4; lastKnownFileType = sourcecode.cpp.cpp; path = yas_processing_sub_timeline_module.cpp; sourceTree = "<group>"; };
		B6FDB6072174D06C00AF4365 /* yas_processing_constant_module.h */ = {isa = PBXFileReference; fileEncoding = 4; lastKnownFileType = sourcecode.c.h; path = yas_processing_constant_module.h; sourceTree = "<group>"; };
		B6FDB6082174D06C00AF4365 /* yas_processing_module.cpp */ = {isa = PBXFileReference; fileEncoding = 4; lastKnownFileType = sourcecode.cpp.cpp; path = yas_processing_module.cpp; sourceTree = "<group>"; };
		B6FDB60A2174D06C00AF4365 /* yas_processing_send_number_processor.cpp */ = {isa = PBXFileReference; fileEncoding = 4; lastKnownFileType = sourcecode.cpp.cpp; path = yas_processing_send_number_processor.cpp; sourceTree = "<group>"; };
		B6FDB60B2174D06C00AF4365 /* yas_processing_send_number_processor.h */ = {isa = PBXFileReference; fileEncoding = 4; lastKnownFileType = sourcecode.c.h; path = yas_processing_send_number_processor.h; sourceTree = "<group>"; };
		B6FDB60C2174D06C00AF4365 /* yas_processing_receive_signal_processor.h */ = {isa = PBXFileReference; fileEncoding = 4; lastKnownFileType = sourcecode.c.h; path = yas_processing_receive_signal_processor.h; sourceTree = "<group>"; };
		B6FDB60D2174D06C00AF4365 /* yas_processing_receive_number_processor.cpp */ = {isa = PBXFileReference; fileEncoding = 4; lastKnownFileType = sourcecode.cpp.cpp; path = yas_processing_receive_number_processor.cpp; sourceTree = "<group>"; };
		B6FDB60E2174D06C00AF4365 /* yas_processing_remove_number_processor.h */ = {isa = PBXFileReference; fileEncoding = 4; lastKnownFileType = sourcecode.c.h; path = yas_processing_remove_number_processor.h; sourceTree = "<group>"; };
		B6FDB60F2174D06C00AF4365 /* yas_processing_remove_signal_processor.cpp */ = {isa = PBXFileReference; fileEncoding = 4; lastKnownFileType = sourcecode.cpp.cpp; path = yas_processing_remove_signal_processor.cpp; sourceTree = "<group>"; };
		B6FDB6102174D06C00AF4365 /* yas_processing_remove_signal_processor.h */ = {isa = PBXFileReference; fileEncoding = 4; lastKnownFileType = sourcecode.c.h; path = yas_processing_remove_signal_processor.h; sourceTree = "<group>"; };
		B6FDB6112174D06C00AF4365 /* yas_processing_receive_number_processor.h */ = {isa = PBXFileReference; fileEncoding = 4; lastKnownFileType = sourcecode.c.h; path = yas_processing_receive_number_processor.h; sourceTree = "<group>"; };
		B6FDB6122174D06C00AF4365 /* yas_processing_send_signal_processor.h */ = {isa = PBXFileReference; fileEncoding = 4; lastKnownFileType = sourcecode.c.h; path = yas_processing_send_signal_processor.h; sourceTree = "<group>"; };
		B6FDB6132174D06C00AF4365 /* yas_processing_remove_number_processor.cpp */ = {isa = PBXFileReference; fileEncoding = 4; lastKnownFileType = sourcecode.cpp.cpp; path = yas_processing_remove_number_processor.cpp; sourceTree = "<group>"; };
		B6FDB6142174D06C00AF4365 /* yas_processing_receive_signal_processor.cpp */ = {isa = PBXFileReference; fileEncoding = 4; lastKnownFileType = sourcecode.cpp.cpp; path = yas_processing_receive_signal_processor.cpp; sourceTree = "<group>"; };
		B6FDB6152174D06C00AF4365 /* yas_processing_send_signal_processor.cpp */ = {isa = PBXFileReference; fileEncoding = 4; lastKnownFileType = sourcecode.cpp.cpp; path = yas_processing_send_signal_processor.cpp; sourceTree = "<group>"; };
		B6FDB6162174D06C00AF4365 /* yas_processing_stream.h */ = {isa = PBXFileReference; fileEncoding = 4; lastKnownFileType = sourcecode.c.h; path = yas_processing_stream.h; sourceTree = "<group>"; };
		B6FDB6172174D06C00AF4365 /* yas_processing_track.cpp */ = {isa = PBXFileReference; fileEncoding = 4; lastKnownFileType = sourcecode.cpp.cpp; path = yas_processing_track.cpp; sourceTree = "<group>"; };
		B6FDB6182174D06C00AF4365 /* yas_processing_types.h */ = {isa = PBXFileReference; fileEncoding = 4; lastKnownFileType = sourcecode.c.h; path = yas_processing_types.h; sourceTree = "<group>"; };
		B6FDB6192174D06C00AF4365 /* yas_processing_stream.cpp */ = {isa = PBXFileReference; fileEncoding = 4; lastKnownFileType = sourcecode.cpp.cpp; path = yas_processing_stream.cpp; sourceTree = "<group>"; };
		B6FDB61A2174D06C00AF4365 /* yas_processing_timeline.cpp */ = {isa = PBXFileReference; fileEncoding = 4; lastKnownFileType = sourcecode.cpp.cpp; path = yas_processing_timeline.cpp; sourceTree = "<group>"; };
		B6FDB61B2174D06C00AF4365 /* yas_processing_event.h */ = {isa = PBXFileReference; fileEncoding = 4; lastKnownFileType = sourcecode.c.h; path = yas_processing_event.h; sourceTree = "<group>"; };
		B6FDB61C2174D06C00AF4365 /* yas_processing.h */ = {isa = PBXFileReference; fileEncoding = 4; lastKnownFileType = sourcecode.c.h; path = yas_processing.h; sourceTree = "<group>"; };
		B6FDB61D2174D06C00AF4365 /* yas_processing_module.h */ = {isa = PBXFileReference; fileEncoding = 4; lastKnownFileType = sourcecode.c.h; path = yas_processing_module.h; sourceTree = "<group>"; };
		B6FDB61E2174D06C00AF4365 /* yas_processing_connector.h */ = {isa = PBXFileReference; fileEncoding = 4; lastKnownFileType = sourcecode.c.h; path = yas_processing_connector.h; sourceTree = "<group>"; };
		B6FDB61F2174D06C00AF4365 /* yas_processing_sync_source.h */ = {isa = PBXFileReference; fileEncoding = 4; lastKnownFileType = sourcecode.c.h; path = yas_processing_sync_source.h; sourceTree = "<group>"; };
		B6FDB6202174D06C00AF4365 /* yas_processing_event.cpp */ = {isa = PBXFileReference; fileEncoding = 4; lastKnownFileType = sourcecode.cpp.cpp; path = yas_processing_event.cpp; sourceTree = "<group>"; };
		B6FDB6212174D06C00AF4365 /* yas_processing_connector_private.h */ = {isa = PBXFileReference; fileEncoding = 4; lastKnownFileType = sourcecode.c.h; path = yas_processing_connector_private.h; sourceTree = "<group>"; };
		B6FDB6222174D06C00AF4365 /* yas_processing_time.cpp */ = {isa = PBXFileReference; fileEncoding = 4; lastKnownFileType = sourcecode.cpp.cpp; path = yas_processing_time.cpp; sourceTree = "<group>"; };
		B6FDB6242174D06C00AF4365 /* yas_processing_number_event_private.h */ = {isa = PBXFileReference; fileEncoding = 4; lastKnownFileType = sourcecode.c.h; path = yas_processing_number_event_private.h; sourceTree = "<group>"; };
		B6FDB6252174D06C00AF4365 /* yas_processing_number_event.h */ = {isa = PBXFileReference; fileEncoding = 4; lastKnownFileType = sourcecode.c.h; path = yas_processing_number_event.h; sourceTree = "<group>"; };
		B6FDB6262174D06C00AF4365 /* yas_processing_signal_event.h */ = {isa = PBXFileReference; fileEncoding = 4; lastKnownFileType = sourcecode.c.h; path = yas_processing_signal_event.h; sourceTree = "<group>"; };
		B6FDB6272174D06C00AF4365 /* yas_processing_signal_event.cpp */ = {isa = PBXFileReference; fileEncoding = 4; lastKnownFileType = sourcecode.cpp.cpp; path = yas_processing_signal_event.cpp; sourceTree = "<group>"; };
		B6FDB6282174D06C00AF4365 /* yas_processing_number_event.cpp */ = {isa = PBXFileReference; fileEncoding = 4; lastKnownFileType = sourcecode.cpp.cpp; path = yas_processing_number_event.cpp; sourceTree = "<group>"; };
		B6FDB6292174D06C00AF4365 /* yas_processing_signal_event_private.h */ = {isa = PBXFileReference; fileEncoding = 4; lastKnownFileType = sourcecode.c.h; path = yas_processing_signal_event_private.h; sourceTree = "<group>"; };
		B6FDB62A2174D06C00AF4365 /* yas_processing_constants.h */ = {isa = PBXFileReference; fileEncoding = 4; lastKnownFileType = sourcecode.c.h; path = yas_processing_constants.h; sourceTree = "<group>"; };
		B6FDB62B2174D06C00AF4365 /* yas_processing_timeline.h */ = {isa = PBXFileReference; fileEncoding = 4; lastKnownFileType = sourcecode.c.h; path = yas_processing_timeline.h; sourceTree = "<group>"; };
		B6FDB64B2177568500AF4365 /* yas_multi_track_signal_exporter.cpp */ = {isa = PBXFileReference; lastKnownFileType = sourcecode.cpp.cpp; path = yas_multi_track_signal_exporter.cpp; sourceTree = "<group>"; };
		B6FDB64C2177568500AF4365 /* yas_multi_track_signal_exporter.h */ = {isa = PBXFileReference; lastKnownFileType = sourcecode.c.h; path = yas_multi_track_signal_exporter.h; sourceTree = "<group>"; };
		B6FDB6502177618E00AF4365 /* yas_audio_time.h */ = {isa = PBXFileReference; fileEncoding = 4; lastKnownFileType = sourcecode.c.h; path = yas_audio_time.h; sourceTree = "<group>"; };
		B6FDB6512177618E00AF4365 /* yas_audio_file_utils.h */ = {isa = PBXFileReference; fileEncoding = 4; lastKnownFileType = sourcecode.c.h; path = yas_audio_file_utils.h; sourceTree = "<group>"; };
		B6FDB6522177618E00AF4365 /* yas_audio_format.h */ = {isa = PBXFileReference; fileEncoding = 4; lastKnownFileType = sourcecode.c.h; path = yas_audio_format.h; sourceTree = "<group>"; };
		B6FDB6532177618E00AF4365 /* yas_audio_file.h */ = {isa = PBXFileReference; fileEncoding = 4; lastKnownFileType = sourcecode.c.h; path = yas_audio_file.h; sourceTree = "<group>"; };
		B6FDB6542177618E00AF4365 /* yas_audio_exception.cpp */ = {isa = PBXFileReference; fileEncoding = 4; lastKnownFileType = sourcecode.cpp.cpp; path = yas_audio_exception.cpp; sourceTree = "<group>"; };
		B6FDB6552177618E00AF4365 /* yas_audio_format.mm */ = {isa = PBXFileReference; fileEncoding = 4; lastKnownFileType = sourcecode.cpp.objcpp; path = yas_audio_format.mm; sourceTree = "<group>"; };
		B6FDB6562177618E00AF4365 /* yas_audio_file.mm */ = {isa = PBXFileReference; fileEncoding = 4; lastKnownFileType = sourcecode.cpp.objcpp; path = yas_audio_file.mm; sourceTree = "<group>"; };
		B6FDB6572177618E00AF4365 /* yas_audio_types.h */ = {isa = PBXFileReference; fileEncoding = 4; lastKnownFileType = sourcecode.c.h; path = yas_audio_types.h; sourceTree = "<group>"; };
		B6FDB6582177618E00AF4365 /* yas_audio_file_utils.mm */ = {isa = PBXFileReference; fileEncoding = 4; lastKnownFileType = sourcecode.cpp.objcpp; path = yas_audio_file_utils.mm; sourceTree = "<group>"; };
		B6FDB6592177618E00AF4365 /* yas_audio_objc_utils.h */ = {isa = PBXFileReference; fileEncoding = 4; lastKnownFileType = sourcecode.c.h; path = yas_audio_objc_utils.h; sourceTree = "<group>"; };
		B6FDB65A2177618E00AF4365 /* yas_audio_pcm_buffer.h */ = {isa = PBXFileReference; fileEncoding = 4; lastKnownFileType = sourcecode.c.h; path = yas_audio_pcm_buffer.h; sourceTree = "<group>"; };
		B6FDB65B2177618E00AF4365 /* yas_audio_types.cpp */ = {isa = PBXFileReference; fileEncoding = 4; lastKnownFileType = sourcecode.cpp.cpp; path = yas_audio_types.cpp; sourceTree = "<group>"; };
		B6FDB65C2177618E00AF4365 /* yas_audio_each_data_private.h */ = {isa = PBXFileReference; fileEncoding = 4; lastKnownFileType = sourcecode.c.h; path = yas_audio_each_data_private.h; sourceTree = "<group>"; };
		B6FDB65D2177618E00AF4365 /* yas_audio_math.h */ = {isa = PBXFileReference; fileEncoding = 4; lastKnownFileType = sourcecode.c.h; path = yas_audio_math.h; sourceTree = "<group>"; };
		B6FDB65E2177618E00AF4365 /* yas_audio_math.cpp */ = {isa = PBXFileReference; fileEncoding = 4; lastKnownFileType = sourcecode.cpp.cpp; path = yas_audio_math.cpp; sourceTree = "<group>"; };
		B6FDB65F2177618E00AF4365 /* yas_audio_exception.h */ = {isa = PBXFileReference; fileEncoding = 4; lastKnownFileType = sourcecode.c.h; path = yas_audio_exception.h; sourceTree = "<group>"; };
		B6FDB6602177618E00AF4365 /* yas_audio_time.mm */ = {isa = PBXFileReference; fileEncoding = 4; lastKnownFileType = sourcecode.cpp.objcpp; path = yas_audio_time.mm; sourceTree = "<group>"; };
		B6FDB6612177618E00AF4365 /* yas_audio_pcm_buffer.cpp */ = {isa = PBXFileReference; fileEncoding = 4; lastKnownFileType = sourcecode.cpp.cpp; path = yas_audio_pcm_buffer.cpp; sourceTree = "<group>"; };
		B6FDB6622177618E00AF4365 /* yas_audio_objc_utils.mm */ = {isa = PBXFileReference; fileEncoding = 4; lastKnownFileType = sourcecode.cpp.objcpp; path = yas_audio_objc_utils.mm; sourceTree = "<group>"; };
		B6FDB6632177618E00AF4365 /* yas_audio_each_data.h */ = {isa = PBXFileReference; fileEncoding = 4; lastKnownFileType = sourcecode.c.h; path = yas_audio_each_data.h; sourceTree = "<group>"; };
		B6FDB6652177618E00AF4365 /* yas_audio_graph.h */ = {isa = PBXFileReference; fileEncoding = 4; lastKnownFileType = sourcecode.c.h; path = yas_audio_graph.h; sourceTree = "<group>"; };
		B6FDB6662177618E00AF4365 /* yas_audio_graph.mm */ = {isa = PBXFileReference; fileEncoding = 4; lastKnownFileType = sourcecode.cpp.objcpp; path = yas_audio_graph.mm; sourceTree = "<group>"; };
		B6FDB6672177618E00AF4365 /* yas_audio_unit_parameter.h */ = {isa = PBXFileReference; fileEncoding = 4; lastKnownFileType = sourcecode.c.h; path = yas_audio_unit_parameter.h; sourceTree = "<group>"; };
		B6FDB6682177618E00AF4365 /* yas_audio_unit_parameter.cpp */ = {isa = PBXFileReference; fileEncoding = 4; lastKnownFileType = sourcecode.cpp.cpp; path = yas_audio_unit_parameter.cpp; sourceTree = "<group>"; };
		B6FDB6692177618E00AF4365 /* yas_audio_unit.mm */ = {isa = PBXFileReference; fileEncoding = 4; lastKnownFileType = sourcecode.cpp.objcpp; path = yas_audio_unit.mm; sourceTree = "<group>"; };
		B6FDB66A2177618E00AF4365 /* yas_audio_unit.h */ = {isa = PBXFileReference; fileEncoding = 4; lastKnownFileType = sourcecode.c.h; path = yas_audio_unit.h; sourceTree = "<group>"; };
		B6FDB66B2177618E00AF4365 /* yas_audio_unit_protocol.h */ = {isa = PBXFileReference; fileEncoding = 4; lastKnownFileType = sourcecode.c.h; path = yas_audio_unit_protocol.h; sourceTree = "<group>"; };
		B6FDB66C2177618E00AF4365 /* yas_audio_unit_protocol.cpp */ = {isa = PBXFileReference; fileEncoding = 4; lastKnownFileType = sourcecode.cpp.cpp; path = yas_audio_unit_protocol.cpp; sourceTree = "<group>"; };
		B6FDB66D2177618E00AF4365 /* yas_audio_cpp.h */ = {isa = PBXFileReference; fileEncoding = 4; lastKnownFileType = sourcecode.c.h; path = yas_audio_cpp.h; sourceTree = "<group>"; };
		B6FDB66F2177618E00AF4365 /* yas_audio_engine_au.h */ = {isa = PBXFileReference; fileEncoding = 4; lastKnownFileType = sourcecode.c.h; path = yas_audio_engine_au.h; sourceTree = "<group>"; };
		B6FDB6702177618E00AF4365 /* yas_audio_engine_kernel_protocol.cpp */ = {isa = PBXFileReference; fileEncoding = 4; lastKnownFileType = sourcecode.cpp.cpp; path = yas_audio_engine_kernel_protocol.cpp; sourceTree = "<group>"; };
		B6FDB6712177618E00AF4365 /* yas_audio_engine_node_protocol.h */ = {isa = PBXFileReference; fileEncoding = 4; lastKnownFileType = sourcecode.c.h; path = yas_audio_engine_node_protocol.h; sourceTree = "<group>"; };
		B6FDB6722177618E00AF4365 /* yas_audio_engine_route.cpp */ = {isa = PBXFileReference; fileEncoding = 4; lastKnownFileType = sourcecode.cpp.cpp; path = yas_audio_engine_route.cpp; sourceTree = "<group>"; };
		B6FDB6732177618E00AF4365 /* yas_audio_engine_offline_output_protocol.cpp */ = {isa = PBXFileReference; fileEncoding = 4; lastKnownFileType = sourcecode.cpp.cpp; path = yas_audio_engine_offline_output_protocol.cpp; sourceTree = "<group>"; };
		B6FDB6742177618E00AF4365 /* yas_audio_engine_tap.cpp */ = {isa = PBXFileReference; fileEncoding = 4; lastKnownFileType = sourcecode.cpp.cpp; path = yas_audio_engine_tap.cpp; sourceTree = "<group>"; };
		B6FDB6752177618E00AF4365 /* yas_audio_engine_device_io.cpp */ = {isa = PBXFileReference; fileEncoding = 4; lastKnownFileType = sourcecode.cpp.cpp; path = yas_audio_engine_device_io.cpp; sourceTree = "<group>"; };
		B6FDB6762177618E00AF4365 /* yas_audio_engine_node.h */ = {isa = PBXFileReference; fileEncoding = 4; lastKnownFileType = sourcecode.c.h; path = yas_audio_engine_node.h; sourceTree = "<group>"; };
		B6FDB6772177618E00AF4365 /* yas_audio_engine_manager.h */ = {isa = PBXFileReference; fileEncoding = 4; lastKnownFileType = sourcecode.c.h; path = yas_audio_engine_manager.h; sourceTree = "<group>"; };
		B6FDB6782177618E00AF4365 /* yas_audio_engine_connection.h */ = {isa = PBXFileReference; fileEncoding = 4; lastKnownFileType = sourcecode.c.h; path = yas_audio_engine_connection.h; sourceTree = "<group>"; };
		B6FDB6792177618E00AF4365 /* yas_audio_engine_node_protocol.cpp */ = {isa = PBXFileReference; fileEncoding = 4; lastKnownFileType = sourcecode.cpp.cpp; path = yas_audio_engine_node_protocol.cpp; sourceTree = "<group>"; };
		B6FDB67A2177618E00AF4365 /* yas_audio_engine_au_mixer.cpp */ = {isa = PBXFileReference; fileEncoding = 4; lastKnownFileType = sourcecode.cpp.cpp; path = yas_audio_engine_au_mixer.cpp; sourceTree = "<group>"; };
		B6FDB67B2177618E00AF4365 /* yas_audio_engine_device_io.h */ = {isa = PBXFileReference; fileEncoding = 4; lastKnownFileType = sourcecode.c.h; path = yas_audio_engine_device_io.h; sourceTree = "<group>"; };
		B6FDB67C2177618E00AF4365 /* yas_audio_engine_offline_output_protocol.h */ = {isa = PBXFileReference; fileEncoding = 4; lastKnownFileType = sourcecode.c.h; path = yas_audio_engine_offline_output_protocol.h; sourceTree = "<group>"; };
		B6FDB67D2177618E00AF4365 /* yas_audio_engine_au_io.h */ = {isa = PBXFileReference; fileEncoding = 4; lastKnownFileType = sourcecode.c.h; path = yas_audio_engine_au_io.h; sourceTree = "<group>"; };
		B6FDB67E2177618E00AF4365 /* yas_audio_engine_device_io_protocol.h */ = {isa = PBXFileReference; fileEncoding = 4; lastKnownFileType = sourcecode.c.h; path = yas_audio_engine_device_io_protocol.h; sourceTree = "<group>"; };
		B6FDB67F2177618E00AF4365 /* yas_audio_engine_connection.cpp */ = {isa = PBXFileReference; fileEncoding = 4; lastKnownFileType = sourcecode.cpp.cpp; path = yas_audio_engine_connection.cpp; sourceTree = "<group>"; };
		B6FDB6802177618E00AF4365 /* yas_audio_engine_node.cpp */ = {isa = PBXFileReference; fileEncoding = 4; lastKnownFileType = sourcecode.cpp.cpp; path = yas_audio_engine_node.cpp; sourceTree = "<group>"; };
		B6FDB6812177618E00AF4365 /* yas_audio_engine_au_io.mm */ = {isa = PBXFileReference; fileEncoding = 4; lastKnownFileType = sourcecode.cpp.objcpp; path = yas_audio_engine_au_io.mm; sourceTree = "<group>"; };
		B6FDB6822177618E00AF4365 /* yas_audio_engine_device_io_protocol.cpp */ = {isa = PBXFileReference; fileEncoding = 4; lastKnownFileType = sourcecode.cpp.cpp; path = yas_audio_engine_device_io_protocol.cpp; sourceTree = "<group>"; };
		B6FDB6832177618E00AF4365 /* yas_audio_engine_au_protocol.cpp */ = {isa = PBXFileReference; fileEncoding = 4; lastKnownFileType = sourcecode.cpp.cpp; path = yas_audio_engine_au_protocol.cpp; sourceTree = "<group>"; };
		B6FDB6842177618E00AF4365 /* yas_audio_engine_connection_protocol.h */ = {isa = PBXFileReference; fileEncoding = 4; lastKnownFileType = sourcecode.c.h; path = yas_audio_engine_connection_protocol.h; sourceTree = "<group>"; };
		B6FDB6852177618E00AF4365 /* yas_audio_engine_au.cpp */ = {isa = PBXFileReference; fileEncoding = 4; lastKnownFileType = sourcecode.cpp.cpp; path = yas_audio_engine_au.cpp; sourceTree = "<group>"; };
		B6FDB6862177618E00AF4365 /* yas_audio_engine_offline_output.mm */ = {isa = PBXFileReference; fileEncoding = 4; lastKnownFileType = sourcecode.cpp.objcpp; path = yas_audio_engine_offline_output.mm; sourceTree = "<group>"; };
		B6FDB6872177618E00AF4365 /* yas_audio_engine_manager.mm */ = {isa = PBXFileReference; fileEncoding = 4; lastKnownFileType = sourcecode.cpp.objcpp; path = yas_audio_engine_manager.mm; sourceTree = "<group>"; };
		B6FDB6882177618E00AF4365 /* yas_audio_engine_kernel.h */ = {isa = PBXFileReference; fileEncoding = 4; lastKnownFileType = sourcecode.c.h; path = yas_audio_engine_kernel.h; sourceTree = "<group>"; };
		B6FDB6892177618E00AF4365 /* yas_audio_engine_offline_output.h */ = {isa = PBXFileReference; fileEncoding = 4; lastKnownFileType = sourcecode.c.h; path = yas_audio_engine_offline_output.h; sourceTree = "<group>"; };
		B6FDB68A2177618E00AF4365 /* yas_audio_engine_au_mixer.h */ = {isa = PBXFileReference; fileEncoding = 4; lastKnownFileType = sourcecode.c.h; path = yas_audio_engine_au_mixer.h; sourceTree = "<group>"; };
		B6FDB68B2177618E00AF4365 /* yas_audio_engine_tap.h */ = {isa = PBXFileReference; fileEncoding = 4; lastKnownFileType = sourcecode.c.h; path = yas_audio_engine_tap.h; sourceTree = "<group>"; };
		B6FDB68C2177618E00AF4365 /* yas_audio_engine_kernel.cpp */ = {isa = PBXFileReference; fileEncoding = 4; lastKnownFileType = sourcecode.cpp.cpp; path = yas_audio_engine_kernel.cpp; sourceTree = "<group>"; };
		B6FDB68D2177618E00AF4365 /* yas_audio_engine_route.h */ = {isa = PBXFileReference; fileEncoding = 4; lastKnownFileType = sourcecode.c.h; path = yas_audio_engine_route.h; sourceTree = "<group>"; };
		B6FDB68E2177618E00AF4365 /* yas_audio_engine_au_protocol.h */ = {isa = PBXFileReference; fileEncoding = 4; lastKnownFileType = sourcecode.c.h; path = yas_audio_engine_au_protocol.h; sourceTree = "<group>"; };
		B6FDB68F2177618E00AF4365 /* yas_audio_engine_connection_protocol.cpp */ = {isa = PBXFileReference; fileEncoding = 4; lastKnownFileType = sourcecode.cpp.cpp; path = yas_audio_engine_connection_protocol.cpp; sourceTree = "<group>"; };
		B6FDB6902177618E00AF4365 /* yas_audio_engine_kernel_protocol.h */ = {isa = PBXFileReference; fileEncoding = 4; lastKnownFileType = sourcecode.c.h; path = yas_audio_engine_kernel_protocol.h; sourceTree = "<group>"; };
		B6FDB6912177618E00AF4365 /* yas_audio.h */ = {isa = PBXFileReference; fileEncoding = 4; lastKnownFileType = sourcecode.c.h; path = yas_audio.h; sourceTree = "<group>"; };
		B6FDB6932177618E00AF4365 /* yas_audio_device_io.mm */ = {isa = PBXFileReference; fileEncoding = 4; lastKnownFileType = sourcecode.cpp.objcpp; path = yas_audio_device_io.mm; sourceTree = "<group>"; };
		B6FDB6942177618E00AF4365 /* yas_audio_device_io.h */ = {isa = PBXFileReference; fileEncoding = 4; lastKnownFileType = sourcecode.c.h; path = yas_audio_device_io.h; sourceTree = "<group>"; };
		B6FDB6952177618E00AF4365 /* yas_audio_device_stream_private.h */ = {isa = PBXFileReference; fileEncoding = 4; lastKnownFileType = sourcecode.c.h; path = yas_audio_device_stream_private.h; sourceTree = "<group>"; };
		B6FDB6962177618E00AF4365 /* yas_audio_route.h */ = {isa = PBXFileReference; fileEncoding = 4; lastKnownFileType = sourcecode.c.h; path = yas_audio_route.h; sourceTree = "<group>"; };
		B6FDB6972177618E00AF4365 /* yas_audio_device_stream.h */ = {isa = PBXFileReference; fileEncoding = 4; lastKnownFileType = sourcecode.c.h; path = yas_audio_device_stream.h; sourceTree = "<group>"; };
		B6FDB6982177618E00AF4365 /* yas_audio_device.cpp */ = {isa = PBXFileReference; fileEncoding = 4; lastKnownFileType = sourcecode.cpp.cpp; path = yas_audio_device.cpp; sourceTree = "<group>"; };
		B6FDB6992177618E00AF4365 /* yas_audio_device.h */ = {isa = PBXFileReference; fileEncoding = 4; lastKnownFileType = sourcecode.c.h; path = yas_audio_device.h; sourceTree = "<group>"; };
		B6FDB69A2177618E00AF4365 /* yas_audio_device_stream.cpp */ = {isa = PBXFileReference; fileEncoding = 4; lastKnownFileType = sourcecode.cpp.cpp; path = yas_audio_device_stream.cpp; sourceTree = "<group>"; };
		B6FDB69B2177618E00AF4365 /* yas_audio_route.cpp */ = {isa = PBXFileReference; fileEncoding = 4; lastKnownFileType = sourcecode.cpp.cpp; path = yas_audio_route.cpp; sourceTree = "<group>"; };
/* End PBXFileReference section */

/* Begin PBXFrameworksBuildPhase section */
		B685EDC22171ABE8002EDC9B /* Frameworks */ = {
			isa = PBXFrameworksBuildPhase;
			buildActionMask = 2147483647;
			files = (
				B679E3012172BFBE00859687 /* Accelerate.framework in Frameworks */,
			);
			runOnlyForDeploymentPostprocessing = 0;
		};
		B685EDDA2171ABE9002EDC9B /* Frameworks */ = {
			isa = PBXFrameworksBuildPhase;
			buildActionMask = 2147483647;
			files = (
			);
			runOnlyForDeploymentPostprocessing = 0;
		};
/* End PBXFrameworksBuildPhase section */

/* Begin PBXGroup section */
		B679E2AB2172BE6600859687 /* submodules */ = {
			isa = PBXGroup;
			children = (
				B6FDB64E2177618E00AF4365 /* audio */,
				B6FDB5E52174D06C00AF4365 /* processing */,
				B679E2B12172BF3600859687 /* cpp_utils */,
				B679E2AC2172BEB700859687 /* objc_utils */,
			);
			name = submodules;
			path = MultiChannelAudioPlayer/submodules;
			sourceTree = SOURCE_ROOT;
		};
		B679E2AC2172BEB700859687 /* objc_utils */ = {
			isa = PBXGroup;
			children = (
				B679E2AD2172BEB700859687 /* yas_objc_unowned.m */,
				B679E2AE2172BEB700859687 /* yas_objc_macros.h */,
				B679E2AF2172BEB700859687 /* yas_objc_unowned.h */,
			);
			name = objc_utils;
			path = ../../../submodules/objc_utils/objc_utils;
			sourceTree = "<group>";
		};
		B679E2B12172BF3600859687 /* cpp_utils */ = {
			isa = PBXGroup;
			children = (
				B679E2D22172BF3600859687 /* yas_any_private.h */,
				B679E2DB2172BF3700859687 /* yas_any.cpp */,
				B679E2C22172BF3600859687 /* yas_any.h */,
				B679E2D32172BF3600859687 /* yas_base_private.h */,
				B679E2D52172BF3600859687 /* yas_base.cpp */,
				B679E2D12172BF3600859687 /* yas_base.h */,
				B679E2EC2172BF3700859687 /* yas_boolean.cpp */,
				B679E2BC2172BF3600859687 /* yas_boolean.h */,
				B679E2BA2172BF3600859687 /* yas_cf_ref_private.h */,
				B679E2E72172BF3700859687 /* yas_cf_ref.cpp */,
				B679E2C32172BF3600859687 /* yas_cf_ref.h */,
				B679E2B32172BF3600859687 /* yas_cf_utils_private.h */,
				B679E2DF2172BF3700859687 /* yas_cf_utils.h */,
				B679E2E62172BF3700859687 /* yas_cf_utils.mm */,
				B679E2C42172BF3600859687 /* yas_data_private.h */,
				B679E2CF2172BF3600859687 /* yas_data.cpp */,
				B679E2B92172BF3600859687 /* yas_data.h */,
				B679E2B82172BF3600859687 /* yas_delaying_caller.cpp */,
				B679E2DD2172BF3700859687 /* yas_delaying_caller.h */,
				B679E2DA2172BF3700859687 /* yas_each_data_private.h */,
				B679E2E02172BF3700859687 /* yas_each_data.h */,
				B679E2E42172BF3700859687 /* yas_each_dictionary.cpp */,
				B679E2BF2172BF3600859687 /* yas_each_dictionary.h */,
				B679E2E32172BF3700859687 /* yas_each_index_private.h */,
				B679E2C12172BF3600859687 /* yas_each_index.h */,
				B679E2D72172BF3700859687 /* yas_exception.cpp */,
				B679E2EA2172BF3700859687 /* yas_exception.h */,
				B679E2DC2172BF3700859687 /* yas_fast_each_private.h */,
				B679E2CA2172BF3600859687 /* yas_fast_each.h */,
				B679E2BD2172BF3600859687 /* yas_flagset_private.h */,
				B679E2C82172BF3600859687 /* yas_flagset.h */,
				B679E2CC2172BF3600859687 /* yas_flex_ptr.cpp */,
				B679E2B62172BF3600859687 /* yas_flex_ptr.h */,
				B679E2D42172BF3600859687 /* yas_flow_graph_private.h */,
				B679E2ED2172BF3700859687 /* yas_flow_graph.h */,
				B679E2BB2172BF3600859687 /* yas_objc_cast.h */,
				B679E2E82172BF3700859687 /* yas_objc_ptr_private.h */,
				B679E2CB2172BF3600859687 /* yas_objc_ptr.h */,
				B679E2E92172BF3700859687 /* yas_objc_ptr.mm */,
				B679E2BE2172BF3600859687 /* yas_operation_protocol.h */,
				B679E2D02172BF3600859687 /* yas_operation.cpp */,
				B679E2EE2172BF3700859687 /* yas_operation.h */,
				B679E2D92172BF3700859687 /* yas_protocol_private.h */,
				B679E2D82172BF3700859687 /* yas_protocol.cpp */,
				B679E2C72172BF3600859687 /* yas_protocol.h */,
				B679E2C52172BF3600859687 /* yas_result_private.h */,
				B679E2CD2172BF3600859687 /* yas_result.h */,
				B679E2E22172BF3700859687 /* yas_stl_utils_private.h */,
				B679E2E52172BF3700859687 /* yas_stl_utils.cpp */,
				B679E2DE2172BF3700859687 /* yas_stl_utils.h */,
				B679E2C92172BF3600859687 /* yas_timer.h */,
				B679E2B52172BF3600859687 /* yas_timer.mm */,
				B679E2B72172BF3600859687 /* yas_to_bool.h */,
				B679E2D62172BF3600859687 /* yas_to_floating_point.h */,
				B679E2EB2172BF3700859687 /* yas_to_integer.h */,
				B679E2B22172BF3600859687 /* yas_to_string.h */,
				B679E2C02172BF3600859687 /* yas_type_traits.h */,
				B679E2E12172BF3700859687 /* yas_types.h */,
				B679E2B42172BF3600859687 /* yas_unless.h */,
				B679E2C62172BF3600859687 /* yas_version.cpp */,
				B679E2CE2172BF3600859687 /* yas_version.h */,
			);
			name = cpp_utils;
			path = ../../../submodules/cpp_utils/cpp_utils;
			sourceTree = "<group>";
		};
		B679E2FF2172BFBE00859687 /* Frameworks */ = {
			isa = PBXGroup;
			children = (
				B679E3002172BFBE00859687 /* Accelerate.framework */,
			);
			name = Frameworks;
			sourceTree = "<group>";
		};
		B685EDBC2171ABE8002EDC9B = {
			isa = PBXGroup;
			children = (
				B685EDC72171ABE8002EDC9B /* MultiChannelAudioPlayer */,
				B685EDE02171ABE9002EDC9B /* MultiChannelAudioPlayerTests */,
				B685EDC62171ABE8002EDC9B /* Products */,
				B679E2FF2172BFBE00859687 /* Frameworks */,
			);
			sourceTree = "<group>";
		};
		B685EDC62171ABE8002EDC9B /* Products */ = {
			isa = PBXGroup;
			children = (
				B685EDC52171ABE8002EDC9B /* MultiChannelAudioPlayer.app */,
				B685EDDD2171ABE9002EDC9B /* MultiChannelAudioPlayerTests.xctest */,
			);
			name = Products;
			sourceTree = "<group>";
		};
		B685EDC72171ABE8002EDC9B /* MultiChannelAudioPlayer */ = {
			isa = PBXGroup;
			children = (
				B679E2AB2172BE6600859687 /* submodules */,
				B6FDB6492177562300AF4365 /* cpp */,
				B685EDC82171ABE8002EDC9B /* AppDelegate.h */,
				B685EDC92171ABE8002EDC9B /* AppDelegate.m */,
				B685EDCB2171ABE8002EDC9B /* ViewController.h */,
				B685EDCC2171ABE8002EDC9B /* ViewController.m */,
				B685EDCE2171ABE8002EDC9B /* Main.storyboard */,
				B685EDD12171ABE9002EDC9B /* Assets.xcassets */,
				B685EDD32171ABE9002EDC9B /* LaunchScreen.storyboard */,
				B685EDD62171ABE9002EDC9B /* Info.plist */,
				B685EDD72171ABE9002EDC9B /* main.m */,
			);
			path = MultiChannelAudioPlayer;
			sourceTree = "<group>";
		};
		B685EDE02171ABE9002EDC9B /* MultiChannelAudioPlayerTests */ = {
			isa = PBXGroup;
			children = (
				B685EDE12171ABE9002EDC9B /* MultiChannelAudioPlayerTests.m */,
				B685EDE32171ABE9002EDC9B /* Info.plist */,
			);
			path = MultiChannelAudioPlayerTests;
			sourceTree = "<group>";
		};
		B6FDB5E52174D06C00AF4365 /* processing */ = {
			isa = PBXGroup;
			children = (
				B6FDB6232174D06C00AF4365 /* event */,
				B6FDB5ED2174D06C00AF4365 /* module */,
				B6FDB6092174D06C00AF4365 /* processor */,
				B6FDB5E82174D06C00AF4365 /* yas_processing_channel_private.h */,
				B6FDB5EA2174D06C00AF4365 /* yas_processing_channel.cpp */,
				B6FDB5E72174D06C00AF4365 /* yas_processing_channel.h */,
				B6FDB6212174D06C00AF4365 /* yas_processing_connector_private.h */,
				B6FDB61E2174D06C00AF4365 /* yas_processing_connector.h */,
				B6FDB62A2174D06C00AF4365 /* yas_processing_constants.h */,
				B6FDB6202174D06C00AF4365 /* yas_processing_event.cpp */,
				B6FDB61B2174D06C00AF4365 /* yas_processing_event.h */,
				B6FDB6082174D06C00AF4365 /* yas_processing_module.cpp */,
				B6FDB61D2174D06C00AF4365 /* yas_processing_module.h */,
				B6FDB5EB2174D06C00AF4365 /* yas_processing_processor.h */,
				B6FDB6192174D06C00AF4365 /* yas_processing_stream.cpp */,
				B6FDB6162174D06C00AF4365 /* yas_processing_stream.h */,
				B6FDB5E92174D06C00AF4365 /* yas_processing_sync_source.cpp */,
				B6FDB61F2174D06C00AF4365 /* yas_processing_sync_source.h */,
				B6FDB6222174D06C00AF4365 /* yas_processing_time.cpp */,
				B6FDB5EC2174D06C00AF4365 /* yas_processing_time.h */,
				B6FDB61A2174D06C00AF4365 /* yas_processing_timeline.cpp */,
				B6FDB62B2174D06C00AF4365 /* yas_processing_timeline.h */,
				B6FDB6172174D06C00AF4365 /* yas_processing_track.cpp */,
				B6FDB5E62174D06C00AF4365 /* yas_processing_track.h */,
				B6FDB6182174D06C00AF4365 /* yas_processing_types.h */,
				B6FDB61C2174D06C00AF4365 /* yas_processing.h */,
			);
			name = processing;
			path = ../../../submodules/processing/processing;
			sourceTree = "<group>";
		};
		B6FDB5ED2174D06C00AF4365 /* module */ = {
			isa = PBXGroup;
			children = (
				B6FDB5F32174D06C00AF4365 /* context */,
				B6FDB5F22174D06C00AF4365 /* yas_processing_cast_module_private.h */,
				B6FDB6052174D06C00AF4365 /* yas_processing_cast_module.cpp */,
				B6FDB6032174D06C00AF4365 /* yas_processing_cast_module.h */,
				B6FDB5EF2174D06C00AF4365 /* yas_processing_compare_modules.cpp */,
				B6FDB5F82174D06C00AF4365 /* yas_processing_compare_modules.h */,
				B6FDB6042174D06C00AF4365 /* yas_processing_constant_module.cpp */,
				B6FDB6072174D06C00AF4365 /* yas_processing_constant_module.h */,
				B6FDB6002174D06C00AF4365 /* yas_processing_envelope_module.cpp */,
				B6FDB6022174D06C00AF4365 /* yas_processing_envelope_module.h */,
				B6FDB5FA2174D06C00AF4365 /* yas_processing_generator_modules.cpp */,
				B6FDB5EE2174D06C00AF4365 /* yas_processing_generator_modules.h */,
				B6FDB5FC2174D06C00AF4365 /* yas_processing_math1_modules.cpp */,
				B6FDB5FE2174D06C00AF4365 /* yas_processing_math1_modules.h */,
				B6FDB5F12174D06C00AF4365 /* yas_processing_math2_modules.cpp */,
				B6FDB5FB2174D06C00AF4365 /* yas_processing_math2_modules.h */,
				B6FDB5FD2174D06C00AF4365 /* yas_processing_number_to_signal_module.cpp */,
				B6FDB5FF2174D06C00AF4365 /* yas_processing_number_to_signal_module.h */,
				B6FDB6012174D06C00AF4365 /* yas_processing_routing_modules.cpp */,
				B6FDB5F92174D06C00AF4365 /* yas_processing_routing_modules.h */,
				B6FDB6062174D06C00AF4365 /* yas_processing_sub_timeline_module.cpp */,
				B6FDB5F02174D06C00AF4365 /* yas_processing_sub_timeline_module.h */,
			);
			path = module;
			sourceTree = "<group>";
		};
		B6FDB5F32174D06C00AF4365 /* context */ = {
			isa = PBXGroup;
			children = (
				B6FDB5F42174D06C00AF4365 /* yas_processing_number_process_context_private.h */,
				B6FDB5F52174D06C00AF4365 /* yas_processing_signal_process_context.h */,
				B6FDB5F62174D06C00AF4365 /* yas_processing_number_process_context.h */,
				B6FDB5F72174D06C00AF4365 /* yas_processing_signal_process_context_private.h */,
			);
			path = context;
			sourceTree = "<group>";
		};
		B6FDB6092174D06C00AF4365 /* processor */ = {
			isa = PBXGroup;
			children = (
				B6FDB60A2174D06C00AF4365 /* yas_processing_send_number_processor.cpp */,
				B6FDB60B2174D06C00AF4365 /* yas_processing_send_number_processor.h */,
				B6FDB60C2174D06C00AF4365 /* yas_processing_receive_signal_processor.h */,
				B6FDB60D2174D06C00AF4365 /* yas_processing_receive_number_processor.cpp */,
				B6FDB60E2174D06C00AF4365 /* yas_processing_remove_number_processor.h */,
				B6FDB60F2174D06C00AF4365 /* yas_processing_remove_signal_processor.cpp */,
				B6FDB6102174D06C00AF4365 /* yas_processing_remove_signal_processor.h */,
				B6FDB6112174D06C00AF4365 /* yas_processing_receive_number_processor.h */,
				B6FDB6122174D06C00AF4365 /* yas_processing_send_signal_processor.h */,
				B6FDB6132174D06C00AF4365 /* yas_processing_remove_number_processor.cpp */,
				B6FDB6142174D06C00AF4365 /* yas_processing_receive_signal_processor.cpp */,
				B6FDB6152174D06C00AF4365 /* yas_processing_send_signal_processor.cpp */,
			);
			path = processor;
			sourceTree = "<group>";
		};
		B6FDB6232174D06C00AF4365 /* event */ = {
			isa = PBXGroup;
			children = (
				B6FDB6242174D06C00AF4365 /* yas_processing_number_event_private.h */,
				B6FDB6282174D06C00AF4365 /* yas_processing_number_event.cpp */,
				B6FDB6252174D06C00AF4365 /* yas_processing_number_event.h */,
				B6FDB6292174D06C00AF4365 /* yas_processing_signal_event_private.h */,
				B6FDB6272174D06C00AF4365 /* yas_processing_signal_event.cpp */,
				B6FDB6262174D06C00AF4365 /* yas_processing_signal_event.h */,
			);
			path = event;
			sourceTree = "<group>";
		};
		B6FDB6492177562300AF4365 /* cpp */ = {
			isa = PBXGroup;
			children = (
				B6FDB64B2177568500AF4365 /* yas_multi_track_signal_exporter.cpp */,
				B6FDB64C2177568500AF4365 /* yas_multi_track_signal_exporter.h */,
			);
			path = cpp;
			sourceTree = "<group>";
		};
		B6FDB64E2177618E00AF4365 /* audio */ = {
			isa = PBXGroup;
			children = (
				B6FDB64F2177618E00AF4365 /* audio_basics */,
				B6FDB6922177618E00AF4365 /* audio_device */,
				B6FDB66E2177618E00AF4365 /* audio_engine */,
				B6FDB6642177618E00AF4365 /* audio_graph */,
				B6FDB66D2177618E00AF4365 /* yas_audio_cpp.h */,
				B6FDB6912177618E00AF4365 /* yas_audio.h */,
			);
			name = audio;
			path = ../../../submodules/audio_engine/audio;
			sourceTree = "<group>";
		};
		B6FDB64F2177618E00AF4365 /* audio_basics */ = {
			isa = PBXGroup;
			children = (
				B6FDB65C2177618E00AF4365 /* yas_audio_each_data_private.h */,
				B6FDB6632177618E00AF4365 /* yas_audio_each_data.h */,
				B6FDB6542177618E00AF4365 /* yas_audio_exception.cpp */,
				B6FDB65F2177618E00AF4365 /* yas_audio_exception.h */,
				B6FDB6512177618E00AF4365 /* yas_audio_file_utils.h */,
				B6FDB6582177618E00AF4365 /* yas_audio_file_utils.mm */,
				B6FDB6532177618E00AF4365 /* yas_audio_file.h */,
				B6FDB6562177618E00AF4365 /* yas_audio_file.mm */,
				B6FDB6522177618E00AF4365 /* yas_audio_format.h */,
				B6FDB6552177618E00AF4365 /* yas_audio_format.mm */,
				B6FDB65E2177618E00AF4365 /* yas_audio_math.cpp */,
				B6FDB65D2177618E00AF4365 /* yas_audio_math.h */,
				B6FDB6592177618E00AF4365 /* yas_audio_objc_utils.h */,
				B6FDB6622177618E00AF4365 /* yas_audio_objc_utils.mm */,
				B6FDB6612177618E00AF4365 /* yas_audio_pcm_buffer.cpp */,
				B6FDB65A2177618E00AF4365 /* yas_audio_pcm_buffer.h */,
				B6FDB6502177618E00AF4365 /* yas_audio_time.h */,
				B6FDB6602177618E00AF4365 /* yas_audio_time.mm */,
				B6FDB65B2177618E00AF4365 /* yas_audio_types.cpp */,
				B6FDB6572177618E00AF4365 /* yas_audio_types.h */,
			);
			path = audio_basics;
			sourceTree = "<group>";
		};
		B6FDB6642177618E00AF4365 /* audio_graph */ = {
			isa = PBXGroup;
			children = (
				B6FDB6652177618E00AF4365 /* yas_audio_graph.h */,
				B6FDB6662177618E00AF4365 /* yas_audio_graph.mm */,
				B6FDB6682177618E00AF4365 /* yas_audio_unit_parameter.cpp */,
				B6FDB6672177618E00AF4365 /* yas_audio_unit_parameter.h */,
				B6FDB66C2177618E00AF4365 /* yas_audio_unit_protocol.cpp */,
				B6FDB66B2177618E00AF4365 /* yas_audio_unit_protocol.h */,
				B6FDB66A2177618E00AF4365 /* yas_audio_unit.h */,
				B6FDB6692177618E00AF4365 /* yas_audio_unit.mm */,
			);
			path = audio_graph;
			sourceTree = "<group>";
		};
		B6FDB66E2177618E00AF4365 /* audio_engine */ = {
			isa = PBXGroup;
			children = (
				B6FDB67D2177618E00AF4365 /* yas_audio_engine_au_io.h */,
				B6FDB6812177618E00AF4365 /* yas_audio_engine_au_io.mm */,
				B6FDB67A2177618E00AF4365 /* yas_audio_engine_au_mixer.cpp */,
				B6FDB68A2177618E00AF4365 /* yas_audio_engine_au_mixer.h */,
				B6FDB6832177618E00AF4365 /* yas_audio_engine_au_protocol.cpp */,
				B6FDB68E2177618E00AF4365 /* yas_audio_engine_au_protocol.h */,
				B6FDB6852177618E00AF4365 /* yas_audio_engine_au.cpp */,
				B6FDB66F2177618E00AF4365 /* yas_audio_engine_au.h */,
				B6FDB68F2177618E00AF4365 /* yas_audio_engine_connection_protocol.cpp */,
				B6FDB6842177618E00AF4365 /* yas_audio_engine_connection_protocol.h */,
				B6FDB67F2177618E00AF4365 /* yas_audio_engine_connection.cpp */,
				B6FDB6782177618E00AF4365 /* yas_audio_engine_connection.h */,
				B6FDB6822177618E00AF4365 /* yas_audio_engine_device_io_protocol.cpp */,
				B6FDB67E2177618E00AF4365 /* yas_audio_engine_device_io_protocol.h */,
				B6FDB6752177618E00AF4365 /* yas_audio_engine_device_io.cpp */,
				B6FDB67B2177618E00AF4365 /* yas_audio_engine_device_io.h */,
				B6FDB6702177618E00AF4365 /* yas_audio_engine_kernel_protocol.cpp */,
				B6FDB6902177618E00AF4365 /* yas_audio_engine_kernel_protocol.h */,
				B6FDB68C2177618E00AF4365 /* yas_audio_engine_kernel.cpp */,
				B6FDB6882177618E00AF4365 /* yas_audio_engine_kernel.h */,
				B6FDB6772177618E00AF4365 /* yas_audio_engine_manager.h */,
				B6FDB6872177618E00AF4365 /* yas_audio_engine_manager.mm */,
				B6FDB6792177618E00AF4365 /* yas_audio_engine_node_protocol.cpp */,
				B6FDB6712177618E00AF4365 /* yas_audio_engine_node_protocol.h */,
				B6FDB6802177618E00AF4365 /* yas_audio_engine_node.cpp */,
				B6FDB6762177618E00AF4365 /* yas_audio_engine_node.h */,
				B6FDB6732177618E00AF4365 /* yas_audio_engine_offline_output_protocol.cpp */,
				B6FDB67C2177618E00AF4365 /* yas_audio_engine_offline_output_protocol.h */,
				B6FDB6892177618E00AF4365 /* yas_audio_engine_offline_output.h */,
				B6FDB6862177618E00AF4365 /* yas_audio_engine_offline_output.mm */,
				B6FDB6722177618E00AF4365 /* yas_audio_engine_route.cpp */,
				B6FDB68D2177618E00AF4365 /* yas_audio_engine_route.h */,
				B6FDB6742177618E00AF4365 /* yas_audio_engine_tap.cpp */,
				B6FDB68B2177618E00AF4365 /* yas_audio_engine_tap.h */,
			);
			path = audio_engine;
			sourceTree = "<group>";
		};
		B6FDB6922177618E00AF4365 /* audio_device */ = {
			isa = PBXGroup;
			children = (
				B6FDB6942177618E00AF4365 /* yas_audio_device_io.h */,
				B6FDB6932177618E00AF4365 /* yas_audio_device_io.mm */,
				B6FDB6952177618E00AF4365 /* yas_audio_device_stream_private.h */,
				B6FDB69A2177618E00AF4365 /* yas_audio_device_stream.cpp */,
				B6FDB6972177618E00AF4365 /* yas_audio_device_stream.h */,
				B6FDB6982177618E00AF4365 /* yas_audio_device.cpp */,
				B6FDB6992177618E00AF4365 /* yas_audio_device.h */,
				B6FDB69B2177618E00AF4365 /* yas_audio_route.cpp */,
				B6FDB6962177618E00AF4365 /* yas_audio_route.h */,
			);
			path = audio_device;
			sourceTree = "<group>";
		};
/* End PBXGroup section */

/* Begin PBXNativeTarget section */
		B685EDC42171ABE8002EDC9B /* MultiChannelAudioPlayer */ = {
			isa = PBXNativeTarget;
			buildConfigurationList = B685EDE62171ABE9002EDC9B /* Build configuration list for PBXNativeTarget "MultiChannelAudioPlayer" */;
			buildPhases = (
				B6FDB6482174D5A400AF4365 /* ShellScript */,
				B685EDC12171ABE8002EDC9B /* Sources */,
				B685EDC22171ABE8002EDC9B /* Frameworks */,
				B685EDC32171ABE8002EDC9B /* Resources */,
			);
			buildRules = (
			);
			dependencies = (
			);
			name = MultiChannelAudioPlayer;
			productName = MultiChannelAudioPlayer;
			productReference = B685EDC52171ABE8002EDC9B /* MultiChannelAudioPlayer.app */;
			productType = "com.apple.product-type.application";
		};
		B685EDDC2171ABE9002EDC9B /* MultiChannelAudioPlayerTests */ = {
			isa = PBXNativeTarget;
			buildConfigurationList = B685EDE92171ABE9002EDC9B /* Build configuration list for PBXNativeTarget "MultiChannelAudioPlayerTests" */;
			buildPhases = (
				B685EDD92171ABE9002EDC9B /* Sources */,
				B685EDDA2171ABE9002EDC9B /* Frameworks */,
				B685EDDB2171ABE9002EDC9B /* Resources */,
			);
			buildRules = (
			);
			dependencies = (
				B685EDDF2171ABE9002EDC9B /* PBXTargetDependency */,
			);
			name = MultiChannelAudioPlayerTests;
			productName = MultiChannelAudioPlayerTests;
			productReference = B685EDDD2171ABE9002EDC9B /* MultiChannelAudioPlayerTests.xctest */;
			productType = "com.apple.product-type.bundle.unit-test";
		};
/* End PBXNativeTarget section */

/* Begin PBXProject section */
		B685EDBD2171ABE8002EDC9B /* Project object */ = {
			isa = PBXProject;
			attributes = {
				LastUpgradeCheck = 1000;
				ORGANIZATIONNAME = "八十嶋祐樹";
				TargetAttributes = {
					B685EDC42171ABE8002EDC9B = {
						CreatedOnToolsVersion = 10.0;
					};
					B685EDDC2171ABE9002EDC9B = {
						CreatedOnToolsVersion = 10.0;
						TestTargetID = B685EDC42171ABE8002EDC9B;
					};
				};
			};
			buildConfigurationList = B685EDC02171ABE8002EDC9B /* Build configuration list for PBXProject "MultiChannelAudioPlayer" */;
			compatibilityVersion = "Xcode 9.3";
			developmentRegion = en;
			hasScannedForEncodings = 0;
			knownRegions = (
				en,
				Base,
			);
			mainGroup = B685EDBC2171ABE8002EDC9B;
			productRefGroup = B685EDC62171ABE8002EDC9B /* Products */;
			projectDirPath = "";
			projectRoot = "";
			targets = (
				B685EDC42171ABE8002EDC9B /* MultiChannelAudioPlayer */,
				B685EDDC2171ABE9002EDC9B /* MultiChannelAudioPlayerTests */,
			);
		};
/* End PBXProject section */

/* Begin PBXResourcesBuildPhase section */
		B685EDC32171ABE8002EDC9B /* Resources */ = {
			isa = PBXResourcesBuildPhase;
			buildActionMask = 2147483647;
			files = (
				B685EDD52171ABE9002EDC9B /* LaunchScreen.storyboard in Resources */,
				B685EDD22171ABE9002EDC9B /* Assets.xcassets in Resources */,
				B685EDD02171ABE8002EDC9B /* Main.storyboard in Resources */,
			);
			runOnlyForDeploymentPostprocessing = 0;
		};
		B685EDDB2171ABE9002EDC9B /* Resources */ = {
			isa = PBXResourcesBuildPhase;
			buildActionMask = 2147483647;
			files = (
			);
			runOnlyForDeploymentPostprocessing = 0;
		};
/* End PBXResourcesBuildPhase section */

/* Begin PBXShellScriptBuildPhase section */
		B6FDB6482174D5A400AF4365 /* ShellScript */ = {
			isa = PBXShellScriptBuildPhase;
			buildActionMask = 2147483647;
			files = (
			);
			inputFileListPaths = (
			);
			inputPaths = (
			);
			outputFileListPaths = (
			);
			outputPaths = (
			);
			runOnlyForDeploymentPostprocessing = 0;
			shellPath = /bin/sh;
			shellScript = "../script/format.sh\n";
		};
/* End PBXShellScriptBuildPhase section */

/* Begin PBXSourcesBuildPhase section */
		B685EDC12171ABE8002EDC9B /* Sources */ = {
			isa = PBXSourcesBuildPhase;
			buildActionMask = 2147483647;
			files = (
				B6FDB6AC2177618E00AF4365 /* yas_audio_engine_tap.cpp in Sources */,
				B6FDB6392174D06C00AF4365 /* yas_processing_send_number_processor.cpp in Sources */,
				B679E2F12172BF3700859687 /* yas_version.cpp in Sources */,
				B679E2FA2172BF3700859687 /* yas_stl_utils.cpp in Sources */,
				B6FDB6322174D06C00AF4365 /* yas_processing_number_to_signal_module.cpp in Sources */,
				B6FDB6302174D06C00AF4365 /* yas_processing_generator_modules.cpp in Sources */,
				B6FDB6B02177618E00AF4365 /* yas_audio_engine_connection.cpp in Sources */,
				B6FDB6372174D06C00AF4365 /* yas_processing_sub_timeline_module.cpp in Sources */,
				B6FDB6A62177618E00AF4365 /* yas_audio_unit_parameter.cpp in Sources */,
				B6FDB6AF2177618E00AF4365 /* yas_audio_engine_au_mixer.cpp in Sources */,
				B6FDB63F2174D06C00AF4365 /* yas_processing_track.cpp in Sources */,
				B679E2F32172BF3700859687 /* yas_data.cpp in Sources */,
				B6FDB6B42177618E00AF4365 /* yas_audio_engine_au_protocol.cpp in Sources */,
				B6FDB69E2177618E00AF4365 /* yas_audio_file.mm in Sources */,
				B6FDB6422174D06C00AF4365 /* yas_processing_event.cpp in Sources */,
				B6FDB6BB2177618E00AF4365 /* yas_audio_device.cpp in Sources */,
				B6FDB63A2174D06C00AF4365 /* yas_processing_receive_number_processor.cpp in Sources */,
				B6FDB6452174D06C00AF4365 /* yas_processing_number_event.cpp in Sources */,
				B6FDB63C2174D06C00AF4365 /* yas_processing_remove_number_processor.cpp in Sources */,
				B679E2F22172BF3700859687 /* yas_flex_ptr.cpp in Sources */,
				B6FDB63B2174D06C00AF4365 /* yas_processing_remove_signal_processor.cpp in Sources */,
				B6FDB63D2174D06C00AF4365 /* yas_processing_receive_signal_processor.cpp in Sources */,
				B6FDB64D2177568500AF4365 /* yas_multi_track_signal_exporter.cpp in Sources */,
				B6FDB6AA2177618E00AF4365 /* yas_audio_engine_route.cpp in Sources */,
				B6FDB6352174D06C00AF4365 /* yas_processing_constant_module.cpp in Sources */,
				B6FDB69D2177618E00AF4365 /* yas_audio_format.mm in Sources */,
				B685EDCD2171ABE8002EDC9B /* ViewController.m in Sources */,
				B679E2F72172BF3700859687 /* yas_protocol.cpp in Sources */,
				B6FDB6B32177618E00AF4365 /* yas_audio_engine_device_io_protocol.cpp in Sources */,
				B679E2FB2172BF3700859687 /* yas_cf_utils.mm in Sources */,
				B6FDB6A02177618E00AF4365 /* yas_audio_types.cpp in Sources */,
				B6FDB6A12177618E00AF4365 /* yas_audio_math.cpp in Sources */,
				B6FDB6B12177618E00AF4365 /* yas_audio_engine_node.cpp in Sources */,
				B6FDB6362174D06C00AF4365 /* yas_processing_cast_module.cpp in Sources */,
				B6FDB6AE2177618E00AF4365 /* yas_audio_engine_node_protocol.cpp in Sources */,
				B6FDB6402174D06C00AF4365 /* yas_processing_stream.cpp in Sources */,
				B685EDD82171ABE9002EDC9B /* main.m in Sources */,
				B6FDB6BA2177618E00AF4365 /* yas_audio_device_io.mm in Sources */,
				B6FDB6AD2177618E00AF4365 /* yas_audio_engine_device_io.cpp in Sources */,
				B6FDB63E2174D06C00AF4365 /* yas_processing_send_signal_processor.cpp in Sources */,
				B6FDB6382174D06C00AF4365 /* yas_processing_module.cpp in Sources */,
				B679E2F82172BF3700859687 /* yas_any.cpp in Sources */,
				B679E2B02172BEB700859687 /* yas_objc_unowned.m in Sources */,
				B6FDB62F2174D06C00AF4365 /* yas_processing_math2_modules.cpp in Sources */,
				B679E2FC2172BF3700859687 /* yas_cf_ref.cpp in Sources */,
				B685EDCA2171ABE8002EDC9B /* AppDelegate.m in Sources */,
				B6FDB6A42177618E00AF4365 /* yas_audio_objc_utils.mm in Sources */,
				B6FDB6A52177618E00AF4365 /* yas_audio_graph.mm in Sources */,
				B6FDB62C2174D06C00AF4365 /* yas_processing_sync_source.cpp in Sources */,
				B6FDB6B82177618E00AF4365 /* yas_audio_engine_kernel.cpp in Sources */,
				B679E2EF2172BF3700859687 /* yas_timer.mm in Sources */,
				B6FDB6342174D06C00AF4365 /* yas_processing_routing_modules.cpp in Sources */,
				B6FDB6B92177618E00AF4365 /* yas_audio_engine_connection_protocol.cpp in Sources */,
				B6FDB6A32177618E00AF4365 /* yas_audio_pcm_buffer.cpp in Sources */,
				B6FDB6312174D06C00AF4365 /* yas_processing_math1_modules.cpp in Sources */,
				B6FDB6B62177618E00AF4365 /* yas_audio_engine_offline_output.mm in Sources */,
				B6FDB6B72177618E00AF4365 /* yas_audio_engine_manager.mm in Sources */,
				B679E2F02172BF3700859687 /* yas_delaying_caller.cpp in Sources */,
				B6FDB6A72177618E00AF4365 /* yas_audio_unit.mm in Sources */,
				B6FDB6AB2177618E00AF4365 /* yas_audio_engine_offline_output_protocol.cpp in Sources */,
				B6FDB6A22177618E00AF4365 /* yas_audio_time.mm in Sources */,
				B679E2F62172BF3700859687 /* yas_exception.cpp in Sources */,
				B6FDB6A82177618E00AF4365 /* yas_audio_unit_protocol.cpp in Sources */,
				B6FDB69C2177618E00AF4365 /* yas_audio_exception.cpp in Sources */,
				B6FDB6412174D06C00AF4365 /* yas_processing_timeline.cpp in Sources */,
				B6FDB6432174D06C00AF4365 /* yas_processing_time.cpp in Sources */,
				B6FDB62D2174D06C00AF4365 /* yas_processing_channel.cpp in Sources */,
				B6FDB62E2174D06C00AF4365 /* yas_processing_compare_modules.cpp in Sources */,
				B6FDB6BC2177618E00AF4365 /* yas_audio_device_stream.cpp in Sources */,
				B6FDB6B22177618E00AF4365 /* yas_audio_engine_au_io.mm in Sources */,
				B6FDB6A92177618E00AF4365 /* yas_audio_engine_kernel_protocol.cpp in Sources */,
				B6FDB6BD2177618E00AF4365 /* yas_audio_route.cpp in Sources */,
				B6FDB6442174D06C00AF4365 /* yas_processing_signal_event.cpp in Sources */,
				B679E2F92172BF3700859687 /* yas_each_dictionary.cpp in Sources */,
				B679E2FE2172BF3700859687 /* yas_boolean.cpp in Sources */,
				B6FDB6B52177618E00AF4365 /* yas_audio_engine_au.cpp in Sources */,
				B679E2FD2172BF3700859687 /* yas_objc_ptr.mm in Sources */,
				B679E2F42172BF3700859687 /* yas_operation.cpp in Sources */,
				B6FDB6332174D06C00AF4365 /* yas_processing_envelope_module.cpp in Sources */,
				B6FDB69F2177618E00AF4365 /* yas_audio_file_utils.mm in Sources */,
				B679E2F52172BF3700859687 /* yas_base.cpp in Sources */,
			);
			runOnlyForDeploymentPostprocessing = 0;
		};
		B685EDD92171ABE9002EDC9B /* Sources */ = {
			isa = PBXSourcesBuildPhase;
			buildActionMask = 2147483647;
			files = (
				B685EDE22171ABE9002EDC9B /* MultiChannelAudioPlayerTests.m in Sources */,
			);
			runOnlyForDeploymentPostprocessing = 0;
		};
/* End PBXSourcesBuildPhase section */

/* Begin PBXTargetDependency section */
		B685EDDF2171ABE9002EDC9B /* PBXTargetDependency */ = {
			isa = PBXTargetDependency;
			target = B685EDC42171ABE8002EDC9B /* MultiChannelAudioPlayer */;
			targetProxy = B685EDDE2171ABE9002EDC9B /* PBXContainerItemProxy */;
		};
/* End PBXTargetDependency section */

/* Begin PBXVariantGroup section */
		B685EDCE2171ABE8002EDC9B /* Main.storyboard */ = {
			isa = PBXVariantGroup;
			children = (
				B685EDCF2171ABE8002EDC9B /* Base */,
			);
			name = Main.storyboard;
			sourceTree = "<group>";
		};
		B685EDD32171ABE9002EDC9B /* LaunchScreen.storyboard */ = {
			isa = PBXVariantGroup;
			children = (
				B685EDD42171ABE9002EDC9B /* Base */,
			);
			name = LaunchScreen.storyboard;
			sourceTree = "<group>";
		};
/* End PBXVariantGroup section */

/* Begin XCBuildConfiguration section */
		B685EDE42171ABE9002EDC9B /* Debug */ = {
			isa = XCBuildConfiguration;
			buildSettings = {
				ALWAYS_SEARCH_USER_PATHS = NO;
				CLANG_ANALYZER_NONNULL = YES;
				CLANG_ANALYZER_NUMBER_OBJECT_CONVERSION = YES_AGGRESSIVE;
				CLANG_CXX_LANGUAGE_STANDARD = "gnu++17";
				CLANG_CXX_LIBRARY = "libc++";
				CLANG_ENABLE_MODULES = YES;
				CLANG_ENABLE_OBJC_ARC = NO;
				CLANG_ENABLE_OBJC_WEAK = YES;
				CLANG_WARN_BLOCK_CAPTURE_AUTORELEASING = YES;
				CLANG_WARN_BOOL_CONVERSION = YES;
				CLANG_WARN_COMMA = YES;
				CLANG_WARN_CONSTANT_CONVERSION = YES;
				CLANG_WARN_DEPRECATED_OBJC_IMPLEMENTATIONS = YES;
				CLANG_WARN_DIRECT_OBJC_ISA_USAGE = YES_ERROR;
				CLANG_WARN_DOCUMENTATION_COMMENTS = YES;
				CLANG_WARN_EMPTY_BODY = YES;
				CLANG_WARN_ENUM_CONVERSION = YES;
				CLANG_WARN_INFINITE_RECURSION = YES;
				CLANG_WARN_INT_CONVERSION = YES;
				CLANG_WARN_NON_LITERAL_NULL_CONVERSION = YES;
				CLANG_WARN_OBJC_IMPLICIT_RETAIN_SELF = YES;
				CLANG_WARN_OBJC_LITERAL_CONVERSION = YES;
				CLANG_WARN_OBJC_ROOT_CLASS = YES_ERROR;
				CLANG_WARN_RANGE_LOOP_ANALYSIS = YES;
				CLANG_WARN_STRICT_PROTOTYPES = YES;
				CLANG_WARN_SUSPICIOUS_MOVE = YES;
				CLANG_WARN_UNGUARDED_AVAILABILITY = YES_AGGRESSIVE;
				CLANG_WARN_UNREACHABLE_CODE = YES;
				CLANG_WARN__DUPLICATE_METHOD_MATCH = YES;
				CODE_SIGN_IDENTITY = "iPhone Developer";
				COPY_PHASE_STRIP = NO;
				DEBUG_INFORMATION_FORMAT = dwarf;
				ENABLE_STRICT_OBJC_MSGSEND = YES;
				ENABLE_TESTABILITY = YES;
				GCC_C_LANGUAGE_STANDARD = gnu11;
				GCC_DYNAMIC_NO_PIC = NO;
				GCC_NO_COMMON_BLOCKS = YES;
				GCC_OPTIMIZATION_LEVEL = 0;
				GCC_PREPROCESSOR_DEFINITIONS = (
					"DEBUG=1",
					"$(inherited)",
				);
				GCC_WARN_64_TO_32_BIT_CONVERSION = YES;
				GCC_WARN_ABOUT_RETURN_TYPE = YES_ERROR;
				GCC_WARN_UNDECLARED_SELECTOR = YES;
				GCC_WARN_UNINITIALIZED_AUTOS = YES_AGGRESSIVE;
				GCC_WARN_UNUSED_FUNCTION = YES;
				GCC_WARN_UNUSED_VARIABLE = YES;
				IPHONEOS_DEPLOYMENT_TARGET = 12.0;
				MTL_ENABLE_DEBUG_INFO = INCLUDE_SOURCE;
				MTL_FAST_MATH = YES;
				ONLY_ACTIVE_ARCH = YES;
				SDKROOT = iphoneos;
			};
			name = Debug;
		};
		B685EDE52171ABE9002EDC9B /* Release */ = {
			isa = XCBuildConfiguration;
			buildSettings = {
				ALWAYS_SEARCH_USER_PATHS = NO;
				CLANG_ANALYZER_NONNULL = YES;
				CLANG_ANALYZER_NUMBER_OBJECT_CONVERSION = YES_AGGRESSIVE;
				CLANG_CXX_LANGUAGE_STANDARD = "gnu++17";
				CLANG_CXX_LIBRARY = "libc++";
				CLANG_ENABLE_MODULES = YES;
				CLANG_ENABLE_OBJC_ARC = NO;
				CLANG_ENABLE_OBJC_WEAK = YES;
				CLANG_WARN_BLOCK_CAPTURE_AUTORELEASING = YES;
				CLANG_WARN_BOOL_CONVERSION = YES;
				CLANG_WARN_COMMA = YES;
				CLANG_WARN_CONSTANT_CONVERSION = YES;
				CLANG_WARN_DEPRECATED_OBJC_IMPLEMENTATIONS = YES;
				CLANG_WARN_DIRECT_OBJC_ISA_USAGE = YES_ERROR;
				CLANG_WARN_DOCUMENTATION_COMMENTS = YES;
				CLANG_WARN_EMPTY_BODY = YES;
				CLANG_WARN_ENUM_CONVERSION = YES;
				CLANG_WARN_INFINITE_RECURSION = YES;
				CLANG_WARN_INT_CONVERSION = YES;
				CLANG_WARN_NON_LITERAL_NULL_CONVERSION = YES;
				CLANG_WARN_OBJC_IMPLICIT_RETAIN_SELF = YES;
				CLANG_WARN_OBJC_LITERAL_CONVERSION = YES;
				CLANG_WARN_OBJC_ROOT_CLASS = YES_ERROR;
				CLANG_WARN_RANGE_LOOP_ANALYSIS = YES;
				CLANG_WARN_STRICT_PROTOTYPES = YES;
				CLANG_WARN_SUSPICIOUS_MOVE = YES;
				CLANG_WARN_UNGUARDED_AVAILABILITY = YES_AGGRESSIVE;
				CLANG_WARN_UNREACHABLE_CODE = YES;
				CLANG_WARN__DUPLICATE_METHOD_MATCH = YES;
				CODE_SIGN_IDENTITY = "iPhone Developer";
				COPY_PHASE_STRIP = NO;
				DEBUG_INFORMATION_FORMAT = "dwarf-with-dsym";
				ENABLE_NS_ASSERTIONS = NO;
				ENABLE_STRICT_OBJC_MSGSEND = YES;
				GCC_C_LANGUAGE_STANDARD = gnu11;
				GCC_NO_COMMON_BLOCKS = YES;
				GCC_WARN_64_TO_32_BIT_CONVERSION = YES;
				GCC_WARN_ABOUT_RETURN_TYPE = YES_ERROR;
				GCC_WARN_UNDECLARED_SELECTOR = YES;
				GCC_WARN_UNINITIALIZED_AUTOS = YES_AGGRESSIVE;
				GCC_WARN_UNUSED_FUNCTION = YES;
				GCC_WARN_UNUSED_VARIABLE = YES;
				IPHONEOS_DEPLOYMENT_TARGET = 12.0;
				MTL_ENABLE_DEBUG_INFO = NO;
				MTL_FAST_MATH = YES;
				SDKROOT = iphoneos;
				VALIDATE_PRODUCT = YES;
			};
			name = Release;
		};
		B685EDE72171ABE9002EDC9B /* Debug */ = {
			isa = XCBuildConfiguration;
			buildSettings = {
				ASSETCATALOG_COMPILER_APPICON_NAME = AppIcon;
				CODE_SIGN_STYLE = Automatic;
				DEVELOPMENT_TEAM = WVVR5YE53F;
				INFOPLIST_FILE = MultiChannelAudioPlayer/Info.plist;
				LD_RUNPATH_SEARCH_PATHS = (
					"$(inherited)",
					"@executable_path/Frameworks",
				);
				PRODUCT_BUNDLE_IDENTIFIER = "objective-audio.MultiChannelAudioPlayer";
				PRODUCT_NAME = "$(TARGET_NAME)";
				TARGETED_DEVICE_FAMILY = "1,2";
			};
			name = Debug;
		};
		B685EDE82171ABE9002EDC9B /* Release */ = {
			isa = XCBuildConfiguration;
			buildSettings = {
				ASSETCATALOG_COMPILER_APPICON_NAME = AppIcon;
				CODE_SIGN_STYLE = Automatic;
				DEVELOPMENT_TEAM = WVVR5YE53F;
				INFOPLIST_FILE = MultiChannelAudioPlayer/Info.plist;
				LD_RUNPATH_SEARCH_PATHS = (
					"$(inherited)",
					"@executable_path/Frameworks",
				);
				PRODUCT_BUNDLE_IDENTIFIER = "objective-audio.MultiChannelAudioPlayer";
				PRODUCT_NAME = "$(TARGET_NAME)";
				TARGETED_DEVICE_FAMILY = "1,2";
			};
			name = Release;
		};
		B685EDEA2171ABE9002EDC9B /* Debug */ = {
			isa = XCBuildConfiguration;
			buildSettings = {
				BUNDLE_LOADER = "$(TEST_HOST)";
				CODE_SIGN_STYLE = Automatic;
				DEVELOPMENT_TEAM = WVVR5YE53F;
				INFOPLIST_FILE = MultiChannelAudioPlayerTests/Info.plist;
				LD_RUNPATH_SEARCH_PATHS = (
					"$(inherited)",
					"@executable_path/Frameworks",
					"@loader_path/Frameworks",
				);
				PRODUCT_BUNDLE_IDENTIFIER = "objective-audio.MultiChannelAudioPlayerTests";
				PRODUCT_NAME = "$(TARGET_NAME)";
				TARGETED_DEVICE_FAMILY = "1,2";
				TEST_HOST = "$(BUILT_PRODUCTS_DIR)/MultiChannelAudioPlayer.app/MultiChannelAudioPlayer";
			};
			name = Debug;
		};
		B685EDEB2171ABE9002EDC9B /* Release */ = {
			isa = XCBuildConfiguration;
			buildSettings = {
				BUNDLE_LOADER = "$(TEST_HOST)";
				CODE_SIGN_STYLE = Automatic;
				DEVELOPMENT_TEAM = WVVR5YE53F;
				INFOPLIST_FILE = MultiChannelAudioPlayerTests/Info.plist;
				LD_RUNPATH_SEARCH_PATHS = (
					"$(inherited)",
					"@executable_path/Frameworks",
					"@loader_path/Frameworks",
				);
				PRODUCT_BUNDLE_IDENTIFIER = "objective-audio.MultiChannelAudioPlayerTests";
				PRODUCT_NAME = "$(TARGET_NAME)";
				TARGETED_DEVICE_FAMILY = "1,2";
				TEST_HOST = "$(BUILT_PRODUCTS_DIR)/MultiChannelAudioPlayer.app/MultiChannelAudioPlayer";
			};
			name = Release;
		};
/* End XCBuildConfiguration section */

/* Begin XCConfigurationList section */
		B685EDC02171ABE8002EDC9B /* Build configuration list for PBXProject "MultiChannelAudioPlayer" */ = {
			isa = XCConfigurationList;
			buildConfigurations = (
				B685EDE42171ABE9002EDC9B /* Debug */,
				B685EDE52171ABE9002EDC9B /* Release */,
			);
			defaultConfigurationIsVisible = 0;
			defaultConfigurationName = Release;
		};
		B685EDE62171ABE9002EDC9B /* Build configuration list for PBXNativeTarget "MultiChannelAudioPlayer" */ = {
			isa = XCConfigurationList;
			buildConfigurations = (
				B685EDE72171ABE9002EDC9B /* Debug */,
				B685EDE82171ABE9002EDC9B /* Release */,
			);
			defaultConfigurationIsVisible = 0;
			defaultConfigurationName = Release;
		};
		B685EDE92171ABE9002EDC9B /* Build configuration list for PBXNativeTarget "MultiChannelAudioPlayerTests" */ = {
			isa = XCConfigurationList;
			buildConfigurations = (
				B685EDEA2171ABE9002EDC9B /* Debug */,
				B685EDEB2171ABE9002EDC9B /* Release */,
			);
			defaultConfigurationIsVisible = 0;
			defaultConfigurationName = Release;
		};
/* End XCConfigurationList section */
	};
	rootObject = B685EDBD2171ABE8002EDC9B /* Project object */;
}
